	<Project xmlns="http://schemas.microsoft.com/developer/msbuild/2003">
		<PropertyGroup>
			<ProjectGuid>{133C908D-C491-459D-8A46-6B50724DF43D}</ProjectGuid>
			<MainSource>ErpUtilsServer.dpr</MainSource>
			<Base>True</Base>
			<Config Condition="'$(Config)'==''">Debug</Config>
			<Platform>Win32</Platform>
			<AppType>Application</AppType>
			<FrameworkType>VCL</FrameworkType>
			<DCC_DCCCompiler>DCC32</DCC_DCCCompiler>
			<ProjectVersion>12.3</ProjectVersion>
		</PropertyGroup>
		<PropertyGroup Condition="'$(Config)'=='Base' or '$(Base)'!=''">
			<Base>true</Base>
		</PropertyGroup>
		<PropertyGroup Condition="'$(Config)'=='Release' or '$(Cfg_1)'!=''">
			<Cfg_1>true</Cfg_1>
			<CfgParent>Base</CfgParent>
			<Base>true</Base>
		</PropertyGroup>
		<PropertyGroup Condition="'$(Config)'=='Debug' or '$(Cfg_2)'!=''">
			<Cfg_2>true</Cfg_2>
			<CfgParent>Base</CfgParent>
			<Base>true</Base>
		</PropertyGroup>
		<PropertyGroup Condition="'$(Base)'!=''">
			<DCC_E>false</DCC_E>
			<DCC_ImageBase>00400000</DCC_ImageBase>
			<DCC_UnitAlias>WinTypes=Windows;WinProcs=Windows;DbiTypes=BDE;DbiProcs=BDE;DbiErrs=BDE;WinTypes=Windows;WinProcs=Windows;$(DCC_UnitAlias)</DCC_UnitAlias>
			<DCC_F>false</DCC_F>
			<DCC_S>false</DCC_S>
			<DCC_N>false</DCC_N>
			<DCC_K>false</DCC_K>
		</PropertyGroup>
		<PropertyGroup Condition="'$(Cfg_1)'!=''">
			<DCC_LocalDebugSymbols>false</DCC_LocalDebugSymbols>
			<DCC_Define>RELEASE;$(DCC_Define)</DCC_Define>
			<DCC_SymbolReferenceInfo>0</DCC_SymbolReferenceInfo>
			<DCC_DebugInformation>false</DCC_DebugInformation>
		</PropertyGroup>
		<PropertyGroup Condition="'$(Cfg_2)'!=''">
			<DCC_DebugInfoInExe>true</DCC_DebugInfoInExe>
			<DCC_Optimize>false</DCC_Optimize>
			<DCC_Define>DEBUG;$(DCC_Define)</DCC_Define>
			<DCC_GenerateStackFrames>true</DCC_GenerateStackFrames>
			<DCC_UnitSearchPath>C:\dev\erp\Dev;C:\dev\erp\Utils\ERPUtilsServer\Service;$(DCC_UnitSearchPath)</DCC_UnitSearchPath>
		</PropertyGroup>
		<ItemGroup>
			<DelphiCompile Include="ErpUtilsServer.dpr">
				<MainSource>MainSource</MainSource>
			</DelphiCompile>
			<DCCReference Include="frmErpUtilsServer.pas">
				<Form>fmErpUtilsServer</Form>
			</DCCReference>
			<DCCReference Include="..\JsonRPC\JsonRpcBase.pas"/>
			<DCCReference Include="..\JsonRPC\JsonRpcConst.pas"/>
			<DCCReference Include="..\ModuleControl.pas"/>
			<DCCReference Include="..\ModuleFunctions.pas"/>
			<DCCReference Include="..\ModuleInfoObj.pas"/>
			<DCCReference Include="..\JsonRPC\JsonRpcTcpServer.pas"/>
			<DCCReference Include="..\Modules\ModuleUtils.pas"/>
			<DCCReference Include="..\UtilsServerObj.pas"/>
			<DCCReference Include="..\Modules\ModuleBaseServerObj.pas"/>
			<DCCReference Include="..\Modules\ModuleConst.pas"/>
			<DCCReference Include="..\Modules\ModuleBaseObj.pas"/>
			<DCCReference Include="..\Modules\frmModuleConfigBase.pas">
				<Form>fmModuleConfigBase</Form>
			</DCCReference>
			<DCCReference Include="..\Modules\ModuleBaseClientObj.pas"/>
			<DCCReference Include="..\JsonRPC\JsonRpcTcpClient.pas"/>
			<DCCReference Include="..\..\ERPUpdater\UpdaterCallUtils.pas"/>
			<DCCReference Include="..\..\ERPUpdater\UpdaterConst.pas"/>
			<DCCReference Include="..\IpRangeListObj.pas"/>
			<DCCReference Include="..\..\..\Common\JSONObject.pas"/>
			<DCCReference Include="..\..\..\Common\JsonToObject.pas"/>
			<DCCReference Include="..\..\..\Dev\General\Objects\CommonObjects\InternetConnectivityUtils.pas"/>
			<DCCReference Include="..\..\..\Dev\General\Objects\CommonObjects\FileDownloadFuncs.pas"/>
			<DCCReference Include="..\..\..\Dev\General\Objects\CommonObjects\AppRunUtils.pas"/>
			<DCCReference Include="..\..\..\Dev\General\Objects\CommonObjects\SystemLib.pas"/>
			<DCCReference Include="..\..\..\Common\CipherUtils.pas"/>
			<DCCReference Include="..\..\..\Common\MySQLUtils.pas"/>
			<DCCReference Include="..\..\..\Common\DbConst.pas"/>
			<DCCReference Include="..\..\..\Common\InstallConst.pas"/>
			<DCCReference Include="..\..\..\Dev\General\Objects\CommonObjects\LogThreadLib.pas"/>
			<DCCReference Include="..\..\..\Dev\General\Objects\CommonObjects\MultiEventObj.pas"/>
			<DCCReference Include="..\HTTPServerConfigObj.pas"/>
			<DCCReference Include="..\UtilsServerConfigObj.pas"/>
			<DCCReference Include="..\..\..\Common\WebApiConst.pas"/>
			<DCCReference Include="..\..\..\Dev\General\Objects\CommonObjects\LogThreadBase.pas"/>
			<DCCReference Include="..\..\..\Dev\General\Objects\CommonObjects\LogMessageTypes.pas"/>
			<DCCReference Include="..\..\..\Common\SimplePipes.pas"/>
			<None Include="..\..\..\Dev\ERP.inc"/>
			<BuildConfiguration Include="Debug">
				<Key>Cfg_2</Key>
				<CfgParent>Base</CfgParent>
			</BuildConfiguration>
			<BuildConfiguration Include="Base">
				<Key>Base</Key>
			</BuildConfiguration>
			<BuildConfiguration Include="Release">
				<Key>Cfg_1</Key>
				<CfgParent>Base</CfgParent>
			</BuildConfiguration>
		</ItemGroup>
		<Import Condition="Exists('$(BDS)\Bin\CodeGear.Delphi.Targets')" Project="$(BDS)\Bin\CodeGear.Delphi.Targets"/>
		<Import Condition="Exists('$(APPDATA)\Embarcadero\$(BDSAPPDATABASEDIR)\$(PRODUCTVERSION)\UserTools.proj')" Project="$(APPDATA)\Embarcadero\$(BDSAPPDATABASEDIR)\$(PRODUCTVERSION)\UserTools.proj"/>
		<ProjectExtensions>
			<Borland.Personality>Delphi.Personality.12</Borland.Personality>
			<Borland.ProjectType>VCLApplication</Borland.ProjectType>
			<BorlandProject>
				<Delphi.Personality>
					<Source>
						<Source Name="MainSource">ErpUtilsServer.dpr</Source>
					</Source>
					<VersionInfo>
						<VersionInfo Name="IncludeVerInfo">True</VersionInfo>
						<VersionInfo Name="AutoIncBuild">False</VersionInfo>
						<VersionInfo Name="MajorVer">1</VersionInfo>
						<VersionInfo Name="MinorVer">0</VersionInfo>
						<VersionInfo Name="Release">1</VersionInfo>
						<VersionInfo Name="Build">5</VersionInfo>
						<VersionInfo Name="Debug">False</VersionInfo>
						<VersionInfo Name="PreRelease">True</VersionInfo>
						<VersionInfo Name="Special">False</VersionInfo>
						<VersionInfo Name="Private">False</VersionInfo>
						<VersionInfo Name="DLL">False</VersionInfo>
						<VersionInfo Name="Locale">2057</VersionInfo>
						<VersionInfo Name="CodePage">1252</VersionInfo>
					</VersionInfo>
					<VersionInfoKeys>
						<VersionInfoKeys Name="CompanyName">ERP Software</VersionInfoKeys>
						<VersionInfoKeys Name="FileDescription">ERP Utilities Server</VersionInfoKeys>
						<VersionInfoKeys Name="FileVersion">1.0.1.5</VersionInfoKeys>
						<VersionInfoKeys Name="InternalName"/>
						<VersionInfoKeys Name="LegalCopyright"/>
						<VersionInfoKeys Name="LegalTrademarks"/>
						<VersionInfoKeys Name="OriginalFilename"/>
						<VersionInfoKeys Name="ProductName"/>
						<VersionInfoKeys Name="ProductVersion">1.0.1.5</VersionInfoKeys>
						<VersionInfoKeys Name="Comments"/>
					</VersionInfoKeys>
				</Delphi.Personality>
				<Platforms>
					<Platform value="Win32">True</Platform>
				</Platforms>
			</BorlandProject>
			<ProjectFileVersion>12</ProjectFileVersion>
		</ProjectExtensions>
	</Project>
