	<Project xmlns="http://schemas.microsoft.com/developer/msbuild/2003">
		<PropertyGroup>
			<ProjectGuid>{09556319-C707-40DA-AC73-9C2BC140A796}</ProjectGuid>
			<ProjectVersion>12.3</ProjectVersion>
			<MainSource>ERPWebService.dpr</MainSource>
			<Base>True</Base>
			<Config Condition="'$(Config)'==''">Debug</Config>
			<Platform>Win32</Platform>
			<AppType>Application</AppType>
			<FrameworkType>None</FrameworkType>
			<DCC_DCCCompiler>DCC32</DCC_DCCCompiler>
		</PropertyGroup>
		<PropertyGroup Condition="'$(Config)'=='Base' or '$(Base)'!=''">
			<Base>true</Base>
		</PropertyGroup>
		<PropertyGroup Condition="'$(Config)'=='Debug' or '$(Cfg_1)'!=''">
			<Cfg_1>true</Cfg_1>
			<CfgParent>Base</CfgParent>
			<Base>true</Base>
		</PropertyGroup>
		<PropertyGroup Condition="'$(Config)'=='Release' or '$(Cfg_2)'!=''">
			<Cfg_2>true</Cfg_2>
			<CfgParent>Base</CfgParent>
			<Base>true</Base>
		</PropertyGroup>
		<PropertyGroup Condition="'$(Base)'!=''">
			<DCC_ImageBase>00400000</DCC_ImageBase>
			<DCC_DcuOutput>.\$(Config)\$(Platform)</DCC_DcuOutput>
			<DCC_UnitAlias>WinTypes=Windows;WinProcs=Windows;DbiTypes=BDE;DbiProcs=BDE;$(DCC_UnitAlias)</DCC_UnitAlias>
			<DCC_ExeOutput>.\$(Config)\$(Platform)</DCC_ExeOutput>
		</PropertyGroup>
		<PropertyGroup Condition="'$(Cfg_1)'!=''">
			<DCC_UnitSearchPath>..\..\..\Dev;..\..\..\Dev\General\Objects\CommonObjects\FastFuncs;$(DCC_UnitSearchPath)</DCC_UnitSearchPath>
			<DCC_ExeOutput>.\</DCC_ExeOutput>
			<DCC_Define>DEBUG;$(DCC_Define)</DCC_Define>
			<DCC_Optimize>false</DCC_Optimize>
			<DCC_GenerateStackFrames>true</DCC_GenerateStackFrames>
		</PropertyGroup>
		<PropertyGroup Condition="'$(Cfg_2)'!=''">
			<DCC_LocalDebugSymbols>false</DCC_LocalDebugSymbols>
			<DCC_Define>RELEASE;$(DCC_Define)</DCC_Define>
			<DCC_SymbolReferenceInfo>0</DCC_SymbolReferenceInfo>
			<DCC_DebugInformation>false</DCC_DebugInformation>
		</PropertyGroup>
		<ItemGroup>
			<DelphiCompile Include="ERPWebService.dpr">
				<MainSource>MainSource</MainSource>
			</DelphiCompile>
			<DCCReference Include="svcERPWeb.pas">
				<Form>ERPWeb2</Form>
				<DesignClass>TService</DesignClass>
			</DCCReference>
			<DCCReference Include="Sparky.pas"/>
			<DCCReference Include="..\Modules\ERPModWebAPI\ModWebAPI.pas"/>
			<DCCReference Include="..\Modules\ERPModWebAPI\ApiFunctionObj.pas"/>
			<DCCReference Include="..\Modules\ERPModWebAPI\ErpSchemaObj.pas"/>
			<DCCReference Include="..\Modules\ERPModWebAPI\utCloudAPI.pas"/>
			<DCCReference Include="..\Modules\ERPModWebAPI\WebAPILib.pas"/>
			<DCCReference Include="..\Modules\ERPModWebAPI\utDebug.pas"/>
			<DCCReference Include="..\Modules\ERPModWebAPI\utWebAPIFileStream.pas"/>
			<DCCReference Include="..\Modules\ERPModWebAPI\utGTAdminAPI.pas"/>
			<DCCReference Include="..\Modules\ERPModWebAPI\utGTConst.pas"/>
			<DCCReference Include="..\Modules\ERPModWebAPI\utCloudconst.pas"/>
			<DCCReference Include="..\Modules\ERPModWebAPI\cloudLib.pas"/>
			<DCCReference Include="..\Modules\ERPModWebAPI\utSystemAPI.pas"/>
			<DCCReference Include="..\Modules\ERPModWebAPI\utAPIBaseObj.pas"/>
			<DCCReference Include="..\Modules\ERPModWebAPI\utServerTask.pas"/>
			<DCCReference Include="..\Modules\ERPModWebAPI\utVS1AdminAPI.pas"/>
			<DCCReference Include="..\Modules\ERPModWebAPI\utVS1Const.pas"/>
			<DCCReference Include="..\Modules\ERPModWebAPI\utTokenList.pas"/>
			<DCCReference Include="..\Modules\ERPModWebAPI\WebAPIThreadObj.pas"/>
			<DCCReference Include="..\Modules\ERPModWebAPI\ApiPrintObj.pas"/>
			<DCCReference Include="..\Modules\ERPModWebAPI\ApiFuncManufacture.pas"/>
			<DCCReference Include="..\Modules\ERPModWebAPI\ApiFuncObj.pas"/>
			<DCCReference Include="..\Modules\ERPModWebAPI\ApiFuncPrint.pas"/>
			<DCCReference Include="..\Modules\ERPModWebAPI\ERPServerInfoObj.pas"/>
			<DCCReference Include="..\Modules\ERPModWebAPI\Objects\TripGroup.pas"/>
			<DCCReference Include="..\Modules\ERPModWebAPI\Objects\EmailHistory.pas"/>
			<DCCReference Include="..\Modules\ERPModWebAPI\Objects\AccountantDetails.pas"/>
			<DCCReference Include="..\Modules\ERPModWebAPI\Objects\ReceiptCategory.pas"/>
			<DCCReference Include="..\Modules\ERPModWebAPI\Objects\PayrollHolidayGroup.pas"/>
			<DCCReference Include="..\Modules\ERPModWebAPI\Objects\Earnings.pas"/>
			<DCCReference Include="..\Modules\ERPModWebAPI\Objects\AssignLeaveType.pas"/>
			<DCCReference Include="..\Modules\ERPModWebAPI\Objects\PaySlips.pas"/>
			<DCCReference Include="..\Modules\ERPModWebAPI\Objects\PayTemplateEarningLine.pas"/>
			<DCCReference Include="..\Modules\ERPModWebAPI\Objects\PayTemplateDeductionLine.pas"/>
			<DCCReference Include="..\Modules\ERPModWebAPI\Objects\PayTemplateSuperannuationLine.pas"/>
			<DCCReference Include="..\Modules\ERPModWebAPI\Objects\PayTemplateReiumbursementLine.pas"/>
			<DCCReference Include="..\Modules\ERPModWebAPI\Objects\OpeningBalances.pas"/>
			<DCCReference Include="..\Modules\ERPModWebAPI\Objects\PayNotes.pas"/>
			<DCCReference Include="..\Modules\ERPModWebAPI\Objects\Vs1CardPreference.pas"/>
			<DCCReference Include="..\Modules\ERPModWebAPI\Objects\VS1Superannuation.pas"/>
			<DCCReference Include="..\Modules\ERPModWebAPI\Objects\DirectorsFees.pas"/>
			<DCCReference Include="..\Modules\ERPModWebAPI\Objects\LumpSumE.pas"/>
			<DCCReference Include="..\Modules\ERPModWebAPI\Objects\LumpSumW.pas"/>
			<DCCReference Include="..\Modules\ERPModWebAPI\Objects\OrdinaryTimeEarnings.pas"/>
			<DCCReference Include="..\Modules\ERPModWebAPI\Objects\OverTimeEarnings.pas"/>
			<DCCReference Include="..\Modules\ERPModWebAPI\Objects\PayrollCalendars.pas"/>
			<DCCReference Include="..\Modules\ERPModWebAPI\Objects\PayrollHolidays.pas"/>
			<DCCReference Include="..\Modules\ERPModWebAPI\Objects\SuperannuationVS1.pas"/>
			<DCCReference Include="..\Modules\ERPModWebAPI\Objects\UnpaidLeave.pas"/>
			<DCCReference Include="..\Modules\ERPModWebAPI\Objects\PaidLeave.pas"/>
			<DCCReference Include="..\Modules\ERPModWebAPI\Objects\Reimbursement.pas"/>
			<DCCReference Include="..\Modules\ERPModWebAPI\Objects\UnionAssociationFee.pas"/>
			<DCCReference Include="..\Modules\ERPModWebAPI\Objects\PayrollOrganization.pas"/>
			<DCCReference Include="..\Modules\ERPModWebAPI\Objects\WorkplaceGiving.pas"/>
			<DCCReference Include="..\Modules\ERPModWebAPI\Objects\EmployeePaySettings.pas"/>
			<DCCReference Include="..\Modules\ERPModWebAPI\Objects\EmployeeDetails.pas"/>
			<DCCReference Include="..\Modules\ERPModWebAPI\Objects\PayrollNotes.pas"/>
			<DCCReference Include="..\Modules\ERPModWebAPI\Objects\PayrollTaxes.pas"/>
			<DCCReference Include="..\Modules\ERPModWebAPI\Objects\TemplateSettings.pas"/>
			<DCCReference Include="..\Modules\ERPModWebAPI\Objects\EarningsBonusesCommissions.Pas"/>
			<DCCReference Include="..\..\..\Common\ServerModules\ServerModuleObj.pas"/>
			<DCCReference Include="..\..\..\Common\ModuleComms3.pas"/>
			<DCCReference Include="..\..\..\Common\SimplePipes.pas"/>
			<DCCReference Include="..\..\..\Common\ThreadProperty.pas"/>
			<DCCReference Include="..\..\..\Common\ConsoleLogObj.pas"/>
			<DCCReference Include="..\..\..\Common\ServerModules\ServerModuleConst.pas"/>
			<DCCReference Include="..\..\..\Common\ServerModules\ServerModuleThreadTask.pas"/>
			<DCCReference Include="..\..\..\Common\JsonToObject.pas"/>
			<DCCReference Include="..\..\..\Common\CipherUtils.pas"/>
			<DCCReference Include="..\..\..\Dev\General\Objects\CommonObjects\SystemLib.pas"/>
			<DCCReference Include="..\JsonRPC\JsonRPCUtils.pas"/>
			<DCCReference Include="..\..\..\Common\ModuleFileNameUtils.pas"/>
			<DCCReference Include="..\..\..\Common\WebApiConst.pas"/>
			<DCCReference Include="..\..\..\Dev\General\Objects\AppDatabase.pas"/>
			<DCCReference Include="..\..\..\Dev\General\Objects\CommonObjects\AppEnvironment.pas"/>
			<DCCReference Include="..\..\..\Dev\General\Objects\AccessLevelObj.pas"/>
			<DCCReference Include="..\..\..\Dev\General\Objects\CommonObjects\tcTypes.pas"/>
			<DCCReference Include="..\..\..\Dev\General\Objects\CommonObjects\IntegerListObj.pas"/>
			<DCCReference Include="..\..\..\Dev\General\Objects\CommonObjects\DecimalRounding.pas"/>
			<DCCReference Include="..\..\..\Dev\General\Objects\DNMAccessManager.pas"/>
			<DCCReference Include="..\..\..\Dev\BusinessObjects\BusObjConst.pas"/>
			<DCCReference Include="..\..\..\Dev\General\Objects\CommonObjects\tcDataUtils.pas"/>
			<DCCReference Include="..\..\..\Dev\General\Objects\CommonObjects\tcConst.pas"/>
			<DCCReference Include="..\..\..\Dev\General\Objects\CommonObjects\DNMLib.pas"/>
			<DCCReference Include="..\..\..\Dev\General\Objects\CommonObjects\DataTreeObj.pas"/>
			<DCCReference Include="..\..\..\Dev\General\Objects\CommonObjects\DataTreeBaseObj.pas"/>
			<DCCReference Include="..\..\..\Dev\General\Objects\CommonObjects\XMLFuncLib.pas"/>
			<DCCReference Include="..\..\..\Dev\General\Objects\CommonObjects\ParserObj.pas"/>
			<DCCReference Include="..\..\..\Dev\General\Objects\CommonObjects\DbPrimaryKeysObj.pas"/>
			<DCCReference Include="..\..\..\Dev\General\Objects\BranchObj.pas"/>
			<DCCReference Include="..\..\..\Dev\Utilities\Objects\CompanyPrefObj.pas"/>
			<DCCReference Include="..\..\..\Dev\Employee\Objects\EmployeeObj.pas"/>
			<DCCReference Include="..\..\..\Dev\General\Objects\AuditTrailObj.pas"/>
			<DCCReference Include="..\..\..\Dev\General\Objects\BusObjRegionalOptions.pas"/>
			<DCCReference Include="..\..\..\Dev\BaseClasses\Objects\BusObjBase.pas"/>
			<DCCReference Include="..\..\..\Dev\General\Objects\CommonObjects\UserLockObj.pas"/>
			<DCCReference Include="..\..\..\Dev\General\Objects\CommonObjects\UserLockBaseObj.pas"/>
			<DCCReference Include="..\..\..\Dev\BusinessObjects\BusObjGeneral.pas"/>
			<DCCReference Include="..\..\..\Dev\General\Objects\CommonObjects\ValueListObj.pas"/>
			<DCCReference Include="..\..\..\Dev\BusinessObjects\BusObjAudit.pas"/>
			<DCCReference Include="..\..\..\Dev\General\Objects\BusobjDirty.pas"/>
			<DCCReference Include="..\..\..\Dev\General\Objects\DefaultClassObj.pas"/>
			<DCCReference Include="..\..\..\Dev\Payroll\Objects\Pay\PayPreferencesObj.pas"/>
			<DCCReference Include="..\..\..\Dev\Utilities\Objects\busobjcompinfo.pas"/>
			<DCCReference Include="..\..\..\Dev\General\Objects\CommonObjects\LogLib.pas"/>
			<DCCReference Include="..\..\..\Dev\General\Objects\CommonObjects\ObjectFieldListObj.pas"/>
			<DCCReference Include="..\..\..\Dev\General\Objects\ColoursPrefsObj.pas"/>
			<DCCReference Include="..\..\..\Dev\General\Objects\SoundObj.pas"/>
			<DCCReference Include="..\..\..\Dev\General\Objects\CommonObjects\MessageConst.pas"/>
			<DCCReference Include="..\..\..\Dev\General\Objects\BusobjBranch.pas"/>
			<DCCReference Include="..\..\..\Dev\General\InputForms\frmDelayMessageDlg.pas"/>
			<DCCReference Include="..\..\..\Dev\BaseClasses\Objects\ClassExtenderListObj.pas"/>
			<DCCReference Include="..\..\..\Dev\BaseClasses\Objects\BusObjNDSBase.pas"/>
			<DCCReference Include="..\..\..\Dev\BaseClasses\Objects\SaveExcludeListObj.pas"/>
			<DCCReference Include="..\..\..\Dev\General\Objects\CommonObjects\ClassFuncs.pas"/>
			<DCCReference Include="..\..\..\Dev\General\Objects\CommonObjects\XMLRequestConst.pas"/>
			<DCCReference Include="..\..\..\Dev\General\Objects\CommonObjects\CustomPropConfigObj.pas"/>
			<DCCReference Include="..\..\..\Dev\General\Objects\CommonObjects\JsonToBusObj.pas"/>
			<DCCReference Include="..\..\..\Dev\General\Objects\ExportDataObj.pas"/>
			<DCCReference Include="..\..\..\Dev\General\Objects\TextFileObj.pas"/>
			<DCCReference Include="..\..\..\Dev\BusinessObjects\BusObjDataUtils.pas"/>
			<DCCReference Include="..\..\..\Dev\General\Objects\CommonObjects\RegEdit.pas"/>
			<DCCReference Include="..\..\..\Dev\Accounts\Objects\TransactionsTable.pas"/>
			<DCCReference Include="..\..\..\Dev\Utilities\Objects\TableFunctionsObj.pas"/>
			<DCCReference Include="..\..\..\Dev\General\Objects\DNMExceptions.pas"/>
			<DCCReference Include="..\..\..\Dev\Inventory\Objects\StockCostSystemsObj.pas"/>
			<DCCReference Include="..\..\..\Dev\Inventory\Module\ProductQtyLib.pas"/>
			<DCCReference Include="..\..\..\Dev\Sales\Objects\BusObjSales.pas"/>
			<DCCReference Include="..\..\..\Dev\Sales\Objects\BusobjCash.pas"/>
			<DCCReference Include="..\..\..\Dev\POS\Objects\BusObjPOSSale.pas"/>
			<DCCReference Include="..\..\..\Dev\Manufacturing\Objects\BusObjProcTreePart.pas"/>
			<DCCReference Include="..\..\..\Dev\Purchases\Objects\busobjOrders.pas"/>
			<DCCReference Include="..\..\..\Dev\BaseClasses\Objects\BusObjTrans.pas"/>
			<DCCReference Include="..\..\..\Dev\Clients\Common\Objects\BusObjClient.pas"/>
			<DCCReference Include="..\..\..\Dev\Accounts\Objects\BusObjClass.pas"/>
			<DCCReference Include="..\..\..\Dev\BusinessObjects\BusObjCommon.pas"/>
			<DCCReference Include="..\..\..\Dev\Inventory\Objects\BusobjProductProperties.pas"/>
			<DCCReference Include="..\..\..\Dev\BusinessObjects\BusObjUtils.pas"/>
			<DCCReference Include="..\..\..\Dev\Inventory\Objects\BusObjStock.pas"/>
			<DCCReference Include="..\..\..\Dev\Clients\Customers\Objects\BusObjShippingAgent.pas"/>
			<DCCReference Include="..\..\..\Dev\Sales\Objects\BusObjSalesLinesPoints.pas"/>
			<DCCReference Include="..\..\..\Dev\Sales\Objects\BusObjSalesRedeemPoints.pas"/>
			<DCCReference Include="..\..\..\Dev\BaseClasses\Objects\BusObjSaleBase.pas"/>
			<DCCReference Include="..\..\..\Dev\Clients\Common\Objects\BusObjContact.pas"/>
			<DCCReference Include="..\..\..\Dev\General\Objects\CommonObjects\BusObjSimpleTypes.pas"/>
			<DCCReference Include="..\..\..\Dev\Equipment\Objects\BusObjEquipment.pas"/>
			<DCCReference Include="..\..\..\Dev\Payroll\Objects\BusObjEmployeeDetails.pas"/>
			<DCCReference Include="..\..\..\Dev\Marketing\Objects\BusobjMarketingcontacts.pas"/>
			<DCCReference Include="..\..\..\Dev\Payments\Objects\busobjPaymethods.pas"/>
			<DCCReference Include="..\..\..\Dev\Repairs\Objects\BusobjRepairsExportConfig.pas"/>
			<DCCReference Include="..\..\..\Dev\Repairs\Objects\BusObjRepairs.pas"/>
			<DCCReference Include="..\..\..\Dev\Payroll\Objects\Pay\BusObjTimeSheet.pas"/>
			<DCCReference Include="..\..\..\Dev\Employee\Objects\BusobjPersonalPreference.pas"/>
			<DCCReference Include="..\..\..\Dev\Payroll\Objects\Pay\BusObjPayRate.pas"/>
			<DCCReference Include="..\..\..\Dev\Accounts\Objects\ForeignExchangeObj.pas"/>
			<DCCReference Include="..\..\..\Dev\Accounts\Objects\BusObjGLAccount.pas"/>
			<DCCReference Include="..\..\..\Dev\General\Objects\BusObjBankCode.pas"/>
			<DCCReference Include="..\..\..\Dev\BusinessObjects\BusObjPrintDoc.pas"/>
			<DCCReference Include="..\..\..\Dev\Inventory\Objects\BusObjPQA.pas"/>
			<DCCReference Include="..\..\..\Dev\Inventory\Objects\BusobjAttribProduct.pas"/>
			<DCCReference Include="..\..\..\Dev\Inventory\Objects\BusobjProdAttribGroup.pas"/>
			<DCCReference Include="..\..\..\Dev\Inventory\Objects\BusObjProductPicture.pas"/>
			<DCCReference Include="..\..\..\Dev\Inventory\Objects\busobjProductcommission.pas"/>
			<DCCReference Include="..\..\..\Dev\Inventory\Objects\BusObjProductBarcode.pas"/>
			<DCCReference Include="..\..\..\Dev\Clients\Customers\Objects\ClientDiscountObj.pas"/>
			<DCCReference Include="..\..\..\Dev\Inventory\Objects\ProductPriceObj.pas"/>
			<DCCReference Include="..\..\..\Dev\Inventory\Objects\busobjPartsPriceMatrix.pas"/>
			<DCCReference Include="..\..\..\Dev\General\Objects\CommonObjects\LogUtils.pas"/>
			<DCCReference Include="..\..\..\Dev\Sales\Objects\SalesConst.pas"/>
			<DCCReference Include="..\..\..\Dev\Sales\Objects\BusobjSalesShippingDetails.pas"/>
			<DCCReference Include="..\..\..\Dev\Sales\Objects\BusObjSalesLookup.pas"/>
			<DCCReference Include="..\..\..\Dev\Sales\Objects\BusobjRelatedSales.pas"/>
			<DCCReference Include="..\..\..\Dev\General\Objects\CommonObjects\GlobalEventsObj.pas"/>
			<DCCReference Include="..\..\..\Dev\POS\Objects\busobjPOSOrders.pas"/>
			<DCCReference Include="..\..\..\Dev\Purchases\Objects\BusObjSmartOrder.pas"/>
			<DCCReference Include="..\..\..\Dev\BaseClasses\Objects\BusObjOrderBase.pas"/>
			<DCCReference Include="..\..\..\Dev\General\Objects\CommonObjects\TransSumLinesObj.pas"/>
			<DCCReference Include="..\..\..\Dev\Purchases\Objects\BusObjShipContainerDetails.pas"/>
			<DCCReference Include="..\..\..\Dev\Purchases\Objects\BusObjShippingContainer.pas"/>
			<DCCReference Include="..\..\..\Dev\General\Objects\BusObjApprovals.pas"/>
			<DCCReference Include="..\..\..\Dev\Purchases\Objects\busobjExpenses.pas"/>
			<DCCReference Include="..\..\..\Dev\Accounts\Objects\BusobjABA.pas"/>
			<DCCReference Include="..\..\..\Dev\Accounts\Objects\busObjBankDepost.pas"/>
			<DCCReference Include="..\..\..\Dev\Payments\Objects\TransLockManagementObj.pas"/>
			<DCCReference Include="..\..\..\Dev\Payments\Objects\ReconciliationFlagsObj.pas"/>
			<DCCReference Include="..\..\..\Dev\Marketing\Objects\BusObjMarketingLeads.pas"/>
			<DCCReference Include="..\..\..\Dev\Payroll\Objects\Pay\PayCommon.pas"/>
			<DCCReference Include="..\..\..\Dev\Payroll\Objects\BusObjPayBase.pas"/>
			<DCCReference Include="..\..\..\Dev\Payroll\Objects\BusObjEmployeepayrates.pas"/>
			<DCCReference Include="..\..\..\Dev\Payroll\Objects\BusObjPaysPayratesBASE.pas"/>
			<DCCReference Include="..\..\..\Dev\Payroll\Objects\BusObjpaysLeave.pas"/>
			<DCCReference Include="..\..\..\Dev\Payroll\Objects\BusObjLeaveAccruals.pas"/>
			<DCCReference Include="..\..\..\Dev\Payroll\Objects\BusObjEmployeePay.pas"/>
			<DCCReference Include="..\..\..\Dev\Payroll\Objects\BusObjEmployeeLeave.pas"/>
			<DCCReference Include="..\..\..\Dev\Payroll\Objects\BusObjEmployeePaySettings.pas"/>
			<DCCReference Include="..\..\..\Dev\Payroll\Objects\BusObjEmployeePaysplit.pas"/>
			<DCCReference Include="..\..\..\Dev\Payroll\Objects\BusObjEmployeeDeductions.pas"/>
			<DCCReference Include="..\..\..\Dev\Payroll\Objects\BusObjDeductions.pas"/>
			<DCCReference Include="..\..\..\Dev\Payroll\Objects\BusObjPaysDeductions.pas"/>
			<DCCReference Include="..\..\..\Dev\Payroll\Objects\BusObjTaxBase.pas"/>
			<DCCReference Include="..\..\..\Dev\Payroll\Objects\BusObjBenefitsBase.pas"/>
			<DCCReference Include="..\..\..\Dev\Payroll\Objects\BusObjPaysAllowances.pas"/>
			<DCCReference Include="..\..\..\Dev\Payroll\Objects\BusObjAllowances.pas"/>
			<DCCReference Include="..\..\..\Dev\Payroll\Objects\BusObjPayCommissionsBASE.pas"/>
			<DCCReference Include="..\..\..\Dev\Payroll\Objects\BusObjcommissionTypes.pas"/>
			<DCCReference Include="..\..\..\Dev\Payroll\Objects\BusObjPaysTransactions.pas"/>
			<DCCReference Include="..\..\..\Dev\Payroll\Objects\BusObjPaySundriesBASE.pas"/>
			<DCCReference Include="..\..\..\Dev\Payroll\Objects\BusObjPayPaysplits.pas"/>
			<DCCReference Include="..\..\..\Dev\Payroll\Objects\BusObjTaxAUS.pas"/>
			<DCCReference Include="..\..\..\Dev\Payroll\Objects\BusObjPaysPayratesAUS.pas"/>
			<DCCReference Include="..\..\..\Dev\Payroll\Objects\BusObjPaysSuperannuation.pas"/>
			<DCCReference Include="..\..\..\Dev\Payroll\Objects\BusObjEmpPaySettingsAUS.pas"/>
			<DCCReference Include="..\..\..\Dev\Payroll\Objects\BusObjPaysDeductionsAUS.pas"/>
			<DCCReference Include="..\..\..\Dev\Payroll\Objects\BusObjPaysAllowancesAUS.pas"/>
			<DCCReference Include="..\..\..\Dev\Payroll\Objects\BusObjPayLeavesAUS.pas"/>
			<DCCReference Include="..\..\..\Dev\Payroll\Objects\BusObjPaySundriesAUS.pas"/>
			<DCCReference Include="..\..\..\Dev\Payroll\Objects\BusObjPayPaysplitsAUS.pas"/>
			<DCCReference Include="..\..\..\Dev\Payroll\Objects\BusObjPayCommissionsAUS.pas"/>
			<DCCReference Include="..\..\..\Dev\Payroll\Objects\BusObjLeavetypes.pas"/>
			<DCCReference Include="..\..\..\Dev\Employee\Objects\BusobjSalesCommission.pas"/>
			<DCCReference Include="..\..\..\Dev\Payroll\Objects\BusObjfringeBenefitsTax.pas"/>
			<DCCReference Include="..\..\..\Dev\General\Objects\BusObjCorrespondence.pas"/>
			<DCCReference Include="..\..\..\Dev\Payroll\Objects\BusObjEmployeeAllowances.pas"/>
			<DCCReference Include="..\..\..\Dev\Payroll\Objects\BusObjWorkersCompensation.pas"/>
			<DCCReference Include="..\..\..\Dev\Payroll\Objects\BusObjAwards.pas"/>
			<DCCReference Include="..\..\..\Dev\Payroll\Objects\BusObjAwardShifts.pas"/>
			<DCCReference Include="..\..\..\Dev\Payroll\Objects\BusobjAwardClassificationDetail.pas"/>
			<DCCReference Include="..\..\..\Dev\Payroll\Objects\BusObjClassificationAllowances.pas"/>
			<DCCReference Include="..\..\..\Dev\Payroll\Objects\BusObjClassificationDeductions.pas"/>
			<DCCReference Include="..\..\..\Dev\Payroll\Objects\BusObjClassificationExtraPayrates.pas"/>
			<DCCReference Include="..\..\..\Dev\Payroll\Objects\BusObjAwardsLeave.pas"/>
			<DCCReference Include="..\..\..\Dev\Employee\Objects\BusobjEmpskills.pas"/>
			<DCCReference Include="..\..\..\Dev\Payroll\Objects\BusObjSuperannuation.pas"/>
			<DCCReference Include="..\..\..\Dev\Employee\Objects\CalcSalescommission.pas"/>
			<DCCReference Include="..\..\..\Dev\General\Objects\CommonObjects\AppContextObj.pas"/>
			<DCCReference Include="..\..\..\Dev\BusinessObjects\BusObjAppointments.pas"/>
			<DCCReference Include="..\..\..\Dev\BusinessObjects\BusObjRepServices.pas"/>
			<DCCReference Include="..\..\..\Dev\General\Objects\CustomFieldConfigObj.pas"/>
			<DCCReference Include="..\..\..\Dev\General\Module\timelib.pas"/>
			<DCCReference Include="..\..\..\Dev\General\Objects\busobjSimpletypeActions.pas"/>
			<DCCReference Include="..\..\..\Dev\Inventory\Module\PartsPriceMatrixLib.pas"/>
			<DCCReference Include="..\..\..\Dev\Inventory\Objects\busobjSerialnumbers.pas"/>
			<DCCReference Include="..\..\..\Dev\Manufacturing\Objects\BusObjProcess.pas"/>
			<DCCReference Include="..\..\..\Dev\Manufacturing\Objects\BusObjProcessPartNDS.pas"/>
			<DCCReference Include="..\..\..\Dev\Manufacturing\Objects\BusObjProcessStep.pas"/>
			<DCCReference Include="..\..\..\Dev\Manufacturing\Objects\BusObjProcessTimeNDS.pas"/>
			<DCCReference Include="..\..\..\Dev\Manufacturing\Objects\BusObjProcessPart.pas"/>
			<DCCReference Include="..\..\..\Dev\Manufacturing\Objects\ProcessUtils.pas"/>
			<DCCReference Include="..\..\..\Dev\Manufacturing\Objects\BusObjProcResource.pas"/>
			<DCCReference Include="..\..\..\Dev\Manufacturing\Objects\ProcessDataUtils.pas"/>
			<DCCReference Include="..\..\..\Dev\Manufacturing\Objects\BusObjProcPrefs.pas"/>
			<DCCReference Include="..\..\..\Dev\BaseClasses\Objects\BusObjNDSGenDb.pas"/>
			<DCCReference Include="..\..\..\Dev\General\Objects\CommonObjects\BusObjPublicHolidays.pas"/>
			<DCCReference Include="..\..\..\Dev\Accounts\Objects\BusObjAccountPosting.pas"/>
			<DCCReference Include="..\..\..\Dev\Accounts\Objects\BusObjAccountPostingDetail.pas"/>
			<DCCReference Include="..\..\..\Dev\Inventory\Objects\BusobjStockAdjustEntry.pas"/>
			<DCCReference Include="..\..\..\Dev\Inventory\Objects\busobjStockMovement.pas"/>
			<DCCReference Include="..\..\..\Dev\Inventory\Objects\busobjstockTransferentry.pas"/>
			<DCCReference Include="..\..\..\Dev\General\Objects\BusobjCountries.pas"/>
			<DCCReference Include="..\..\..\Dev\BaseClasses\Objects\BusObjCurrency.pas"/>
			<DCCReference Include="..\..\..\Dev\General\Objects\OptimiseInsertsObj.pas"/>
			<DCCReference Include="..\..\..\Dev\Payroll\Objects\AccruedLeaveLiabilitiesAdj.pas"/>
			<DCCReference Include="..\..\..\Dev\Clients\Customers\Objects\BusObjProductRewardPoints.pas"/>
			<DCCReference Include="..\..\..\Dev\General\Objects\QueryManipulationObj.pas"/>
			<DCCReference Include="..\..\..\Dev\General\Objects\CommonObjects\SysInfo.pas"/>
			<DCCReference Include="..\..\..\Common\MailServerConst.pas"/>
			<DCCReference Include="..\..\..\Dev\General\Objects\CommonObjects\tcClasses.pas"/>
			<DCCReference Include="..\..\..\Dev\General\Objects\CommonObjects\AppEnvironmentPool.pas"/>
			<DCCReference Include="..\..\..\Dev\General\Objects\CommonObjects\ObjectSerialiser.pas"/>
			<DCCReference Include="..\..\..\Dev\General\Objects\CommonObjects\StoredProcedures.pas"/>
			<DCCReference Include="..\..\..\Dev\Utilities\Objects\SyncReportTableObj.pas"/>
			<DCCReference Include="..\..\..\Dev\Inventory\Objects\BusObjProductbin.pas"/>
			<DCCReference Include="..\..\..\Dev\Utilities\Objects\PreferenceLib.pas"/>
			<DCCReference Include="..\..\..\Dev\Accounts\Objects\BusobjTransTaxCodes.pas"/>
			<DCCReference Include="..\..\..\Dev\Accounts\Objects\BusObjTaxCodes.pas"/>
			<DCCReference Include="..\..\..\Dev\Sales\Objects\busobjsalesTaxcodes.pas"/>
			<DCCReference Include="..\..\..\Dev\Purchases\Objects\BusobjPurchaseTaxCodes.pas"/>
			<DCCReference Include="..\..\..\Dev\Inventory\Objects\busobjuom.pas"/>
			<DCCReference Include="..\..\..\Dev\Inventory\Objects\BusobjProductFormula.pas"/>
			<DCCReference Include="..\..\..\Dev\General\Objects\CommonObjects\CSVParserObj.pas"/>
			<DCCReference Include="..\..\..\Dev\General\Objects\BusObjImportDataMap.pas"/>
			<DCCReference Include="..\..\..\Dev\General\Objects\ImportDataMappingConst.pas"/>
			<DCCReference Include="..\..\..\Dev\Payments\Objects\TransLockManagementSQLs.pas"/>
			<DCCReference Include="..\..\..\Dev\General\Objects\CommonObjects\DateTimeUtils.pas"/>
			<DCCReference Include="..\..\..\Dev\BusinessObjects\BusObjectListObj.pas"/>
			<DCCReference Include="..\..\..\Dev\BusinessObjects\BusObjSchemaLib.pas"/>
			<DCCReference Include="..\..\..\Dev\Employee\Objects\BusObjEmployee.pas"/>
			<DCCReference Include="..\..\..\Dev\General\Objects\CommonObjects\ERPSysInfoObj.pas"/>
			<DCCReference Include="..\..\..\Dev\Customfields\Objects\Busobjcustomfields.pas"/>
			<DCCReference Include="..\..\..\Dev\BusinessObjects\BusObjModel.pas"/>
			<DCCReference Include="..\..\..\Dev\BusinessObjects\BusObjManufacture.pas"/>
			<DCCReference Include="..\..\..\Dev\General\Objects\CommonObjects\LogThreadBase.pas"/>
			<DCCReference Include="..\..\..\Dev\Appointments\Objects\busobjPhoneSupportLog.pas"/>
			<DCCReference Include="..\..\..\Dev\Employee\Objects\BusObjToDo.pas"/>
			<DCCReference Include="..\..\..\Dev\Sales\Objects\busobjSalesDelDetails.pas"/>
			<DCCReference Include="..\..\..\Dev\General\Objects\CommonObjects\UserMessageConst.pas"/>
			<DCCReference Include="..\..\..\Dev\Utilities\Objects\busobjtasks.pas"/>
			<DCCReference Include="..\..\..\Dev\General\Module\AuditTrialTreeLib.pas"/>
			<DCCReference Include="..\..\..\Dev\POS\Objects\BusObjPosTill.pas"/>
			<DCCReference Include="..\..\..\Dev\POS\Objects\BusObjPosKeypad.pas"/>
			<DCCReference Include="..\..\..\Dev\Clients\Customers\Objects\BusObjShippingAddress.pas"/>
			<DCCReference Include="..\..\..\Dev\BaseClasses\Objects\BusObjTransGroup.pas"/>
			<DCCReference Include="..\..\..\Dev\General\Objects\CommonObjects\LogThreadDbLib.pas"/>
			<DCCReference Include="..\..\..\Common\MySQLUtils.pas"/>
			<DCCReference Include="..\..\..\Common\DbConst.pas"/>
			<DCCReference Include="..\..\..\Dev\General\Objects\CommonObjects\AppRunUtils.pas"/>
			<DCCReference Include="..\..\..\Dev\Utilities\Objects\BusObjDeletedItem.pas"/>
			<DCCReference Include="..\..\..\Dev\General\Objects\BusObjPreference.pas"/>
			<DCCReference Include="..\..\..\Dev\General\Objects\BusObjERPPreference.pas"/>
			<DCCReference Include="..\..\..\Dev\POS\Objects\busobjPOS.pas"/>
			<DCCReference Include="..\..\..\Dev\Payroll\Objects\BusObjRoster.pas"/>
			<DCCReference Include="..\..\..\Dev\POS\Objects\BusObjPosKeypadCustomise.pas"/>
			<DCCReference Include="..\..\..\Dev\POS\Objects\BusObjFuncRoom.pas"/>
			<DCCReference Include="..\..\..\Dev\General\Objects\CommonObjects\MultiEventObj.pas"/>
			<DCCReference Include="..\..\..\Dev\BusinessObjects\BusObjAbility.pas"/>
			<DCCReference Include="..\..\..\Dev\Employee\Objects\BusObjRep.pas"/>
			<DCCReference Include="..\..\..\Dev\Training\Objects\BusobjTraining.pas"/>
			<DCCReference Include="..\..\..\Dev\Training\modules\TrainingLib.pas"/>
			<DCCReference Include="..\..\..\Dev\Manufacturing\Module\ManufactureLib.pas"/>
			<DCCReference Include="..\..\..\Dev\General\Objects\CommonObjects\BusObjERPAccountPref.pas"/>
			<DCCReference Include="..\..\..\Dev\General\Objects\CommonObjects\BusObjERPEmployeePref.pas"/>
			<DCCReference Include="..\..\..\Dev\General\Objects\CommonObjects\BUsObjERPPaymentMethodPref.pas"/>
			<DCCReference Include="..\..\..\Dev\BusinessObjects\BusObjRewardPointsBase.pas"/>
			<DCCReference Include="..\..\..\Dev\Clients\Customers\Objects\BusObjRewardPointsOpeningBalance.pas"/>
			<DCCReference Include="..\..\..\Dev\BaseClasses\Objects\BusobjBaseProdTrans.pas"/>
			<DCCReference Include="..\..\..\Dev\BaseClasses\Module\ParserLib.pas"/>
			<DCCReference Include="..\..\..\Dev\General\Objects\BusObjCustFieldConfig.pas"/>
			<DCCReference Include="..\..\..\Dev\General\Objects\BusObjCustFieldValueConfig.pas"/>
			<DCCReference Include="..\..\..\Dev\POS\Objects\BusObjPosEop.pas"/>
			<DCCReference Include="..\..\..\Dev\Inventory\Objects\BusObjProductGroup.pas"/>
			<DCCReference Include="..\..\..\Common\SimpleEncrypt.pas"/>
			<DCCReference Include="..\..\..\Dev\Manufacturing\Objects\BusobjBOMGroupLines.pas"/>
			<DCCReference Include="..\UtilsServerUtils.pas"/>
			<DCCReference Include="..\..\..\Dev\General\Module\DelayLib.pas"/>
			<DCCReference Include="..\..\..\Common\MySQLConst.pas"/>
			<DCCReference Include="..\..\..\Common\ProgressInfoObj.pas"/>
			<DCCReference Include="..\..\..\Dev\GoogleAnalysis\Objects\BusobjGoogleAnalytic_ERPlink.pas"/>
			<DCCReference Include="..\..\..\Dev\Inventory\Objects\InventoryTypes.pas"/>
			<DCCReference Include="..\..\..\Common\DBUtils.pas"/>
			<DCCReference Include="..\..\..\Common\ProgressInfoDlgObj.pas"/>
			<DCCReference Include="..\..\..\Dev\General\Objects\CommonObjects\CommonDbLib.pas"/>
			<DCCReference Include="..\..\..\Dev\General\Objects\CommonObjects\AppEnvironmentVirtual.pas"/>
			<DCCReference Include="..\..\..\Common\AppEnvVirtualObj.pas"/>
			<DCCReference Include="..\..\..\Dev\General\Objects\CommonObjects\Rounding.pas"/>
			<DCCReference Include="..\Modules\UserUtils\MachineSignature.pas"/>
			<DCCReference Include="..\..\..\Dev\General\Objects\CommonObjects\TempTableUtils.pas"/>
			<DCCReference Include="..\..\..\Dev\Clients\Customers\Objects\ProductRewardPointsLib.pas"/>
			<DCCReference Include="..\..\..\Dev\General\Objects\BusObjAttachment.pas"/>
			<DCCReference Include="..\..\..\Dev\Clients\Common\Objects\BusObjPNetJob.pas"/>
			<DCCReference Include="..\..\..\Dev\Sales\Objects\BusObjPNetSales.pas"/>
			<DCCReference Include="..\..\..\Common\UtilsLib.pas"/>
			<DCCReference Include="..\..\..\Dev\General\Objects\CommonObjects\FileVersion.pas"/>
			<DCCReference Include="..\..\..\Dev\FixedAssets\Objects\BusObjFixedAsset.pas"/>
			<DCCReference Include="..\..\..\Dev\Sales\Modules\VoucherLib.pas"/>
			<DCCReference Include="..\..\..\Dev\Payments\Objects\busobjPrepayments.pas"/>
			<DCCReference Include="..\..\..\Dev\Payments\Objects\BusObjPayments.pas"/>
			<DCCReference Include="..\..\..\Dev\Payments\Objects\PaymentsLib.pas"/>
			<DCCReference Include="..\..\..\Dev\Accounts\Objects\BusObjTenderAccountPrefs.pas"/>
			<DCCReference Include="..\..\..\Dev\General\Objects\CommonObjects\EmailUtils.pas"/>
			<DCCReference Include="..\..\..\Dev\General\Objects\CommonObjects\EmailUtilsDefaultMailClient.pas"/>
			<DCCReference Include="..\..\..\Dev\Sales\Objects\busobjvoucher.pas"/>
			<DCCReference Include="..\..\..\Common\RandomUtils.pas"/>
			<DCCReference Include="..\..\..\Common\EParser.pas"/>
			<DCCReference Include="..\..\..\Common\StringUtils.pas"/>
			<DCCReference Include="..\..\..\Dev\General\Objects\BusObjUser.pas"/>
			<DCCReference Include="..\..\..\Dev\General\Objects\CommonObjects\LogThreadLib.pas"/>
			<DCCReference Include="..\..\..\Dev\General\Objects\CommonObjects\UserUtilsClientObj.pas"/>
			<DCCReference Include="..\JsonRPC\JsonRpcBase.pas"/>
			<DCCReference Include="..\JsonRPC\JsonRpcConst.pas"/>
			<DCCReference Include="..\JsonRPC\JsonRpcTcpClient.pas"/>
			<DCCReference Include="..\..\..\Dev\General\Objects\CommonObjects\OpProgressObj.pas"/>
			<DCCReference Include="..\Modules\ModuleConst.pas"/>
			<DCCReference Include="..\Modules\ModuleUtils.pas"/>
			<DCCReference Include="..\Modules\NotificationItem.pas"/>
			<DCCReference Include="..\..\..\Dev\EFT\Objects\busobjAchInfo.pas"/>
			<DCCReference Include="..\..\..\Dev\Sales\Objects\BusobjSalesPrepayments.pas"/>
			<DCCReference Include="..\..\..\Dev\eBayIntegration\Objects\busobjEbaySalesOrder.pas"/>
			<DCCReference Include="..\..\..\Dev\Clients\Customers\Objects\busobjclienttaxexceptionproducts.pas"/>
			<DCCReference Include="..\..\..\Common\SMSConfigObj.pas"/>
			<DCCReference Include="..\..\..\Common\SMSMessageObj.pas"/>
			<DCCReference Include="..\..\..\Dev\Utilities\Objects\SMSUtils.pas"/>
			<DCCReference Include="..\..\..\Dev\Utilities\Objects\busobjobjectproperties.pas"/>
			<DCCReference Include="..\..\..\Dev\Payments\Objects\BusObjPayment.pas"/>
			<DCCReference Include="..\..\..\Dev\InventoryAdjust\Modules\StockLib.pas"/>
			<DCCReference Include="..\..\..\Common\JsonDbPrefsConfigObj.pas"/>
			<DCCReference Include="..\..\..\Dev\General\Objects\CommonObjects\DataTreeReader.pas"/>
			<DCCReference Include="..\..\..\Dev\Sales\Objects\BusobjSalesQtySplit.pas"/>
			<DCCReference Include="..\..\..\Dev\Sales\Objects\BusObjManifest.pas"/>
			<DCCReference Include="..\..\..\Dev\General\Objects\CommonObjects\GoogleUpdateObj.pas"/>
			<DCCReference Include="..\..\..\Common\GoogleAPI.pas"/>
			<DCCReference Include="..\..\..\Common\URILib.pas"/>
			<DCCReference Include="..\..\..\Common\JSONObject.pas"/>
			<DCCReference Include="..\..\..\Common\GoogleConfigObj.pas"/>
			<DCCReference Include="..\..\..\Dev\Sales\Objects\busobjSalesorderInvoice.pas"/>
			<DCCReference Include="..\..\..\Dev\Payroll\Objects\BusObjPayLine.pas"/>
			<DCCReference Include="..\..\..\Dev\General\Objects\BusObjLocation.pas"/>
			<DCCReference Include="..\..\..\Dev\Sales\Objects\UPSConfigObj.pas"/>
			<DCCReference Include="..\..\..\Dev\General\Objects\ShipIntegrationUtils.pas"/>
			<DCCReference Include="..\..\..\Dev\Sales\Objects\busobjvouchersale.pas"/>
			<DCCReference Include="..\..\..\Dev\General\Objects\CommonObjects\SharedObjs.pas"/>
			<DCCReference Include="..\..\..\Dev\Sales\Objects\ShipIntegrationTypes.pas"/>
			<DCCReference Include="..\..\..\Dev\Sales\Objects\BusObjShipment.pas"/>
			<DCCReference Include="..\..\..\Dev\General\Objects\CommonObjects\PersonNameObj.pas"/>
			<DCCReference Include="..\..\..\Dev\Payroll\Objects\BusObjTerminationSimple.pas"/>
			<DCCReference Include="..\..\..\Dev\General\Objects\CommonObjects\DbSharedObjectsObj.pas"/>
			<DCCReference Include="..\..\..\Common\XMLHelperUtils.pas"/>
			<DCCReference Include="..\..\..\Dev\General\Objects\CommonObjects\XMLToBusObj.pas"/>
			<DCCReference Include="..\..\..\Dev\General\Objects\CommonObjects\CommonLib.pas"/>
			<DCCReference Include="..\..\..\Common\VersionUtils.pas"/>
			<DCCReference Include="..\..\..\Dev\Purchases\Objects\BusobjSmartOrderRFQ.pas"/>
			<DCCReference Include="..\..\..\Dev\Payroll\Objects\PayAccounts.pas"/>
			<DCCReference Include="..\..\..\Dev\Inventory\Objects\BusObjPickingAssembly.pas"/>
			<DCCReference Include="..\..\..\Common\GoogleCalendarConfigObj.pas"/>
			<DCCReference Include="..\..\..\Dev\BusinessObjects\AuditTrailPurgeObj.pas"/>
			<DCCReference Include="..\..\..\Common\InstallConst.pas"/>
			<DCCReference Include="..\..\..\Dev\General\Objects\busobjAreaCodes.pas"/>
			<DCCReference Include="..\..\..\Dev\General\Objects\BusObjPicture.pas"/>
			<DCCReference Include="..\..\..\Dev\General\Objects\MergeObj.pas"/>
			<DCCReference Include="..\..\..\Dev\Inventory\Module\PQALib.pas"/>
			<DCCReference Include="..\..\..\Dev\Accounts\Modules\COGSAdjustmentLib.pas"/>
			<DCCReference Include="..\..\..\Dev\Inventory\Objects\BusobjTransactionPQACOGSDetails.pas"/>
			<DCCReference Include="..\..\..\Dev\Inventory\Objects\BusobjProduct.pas"/>
			<DCCReference Include="..\..\..\Dev\Utilities\Objects\BusobjDocPath.pas"/>
			<DCCReference Include="..\..\..\Dev\BaseClasses\Objects\ReportSQLBase.pas"/>
			<DCCReference Include="..\..\..\Dev\General\Objects\GuiPrefReaderObj.pas"/>
			<DCCReference Include="..\..\..\Dev\TemplateReports\Objects\PrintTemplateBaseObj.pas"/>
			<DCCReference Include="..\..\..\Dev\TemplateReports\Objects\ReportTemplateBase.pas"/>
			<DCCReference Include="..\..\..\Dev\TemplateReports\InpuForms\frmDesigner.pas"/>
			<DCCReference Include="..\..\..\Dev\Employee\Objects\BusRosterBreaks.pas"/>
			<DCCReference Include="..\..\..\Common\ModulePortObj.pas"/>
			<DCCReference Include="..\..\..\Common\GoogleAuth.pas"/>
			<DCCReference Include="..\..\..\Common\GoogleConst.pas"/>
			<DCCReference Include="..\..\..\Dev\Sales\Objects\FedExConfigObj.pas"/>
			<DCCReference Include="..\..\..\Dev\Sales\Objects\USPSConfigObj.pas"/>
			<DCCReference Include="..\..\..\Dev\Inventory\Objects\BusObjProductClass.pas"/>
			<DCCReference Include="..\..\..\Dev\General\Objects\BusObjEmailConfig.pas"/>
			<DCCReference Include="..\..\..\Common\EmailConst.pas"/>
			<DCCReference Include="..\..\..\Dev\General\Objects\EmailLib.pas"/>
			<DCCReference Include="..\..\..\Dev\General\Objects\InlineAttachmentListObj.pas"/>
			<DCCReference Include="..\..\..\Dev\General\Objects\CorrespondenceObj.pas"/>
			<DCCReference Include="..\..\..\Common\HTMLUtils.pas"/>
			<DCCReference Include="..\..\..\Dev\General\Objects\CommonObjects\FlipReverseRotateLibrary.pas"/>
			<DCCReference Include="..\..\..\Dev\Payroll\Objects\PayTaxableTotalObj.pas"/>
			<DCCReference Include="..\..\..\Dev\Payroll\Objects\BusObjPayTax.pas"/>
			<DCCReference Include="..\..\..\Common\JsonToDatasetFuncs.pas"/>
			<DCCReference Include="..\..\..\Dev\General\Objects\BusObjForms.pas"/>
			<DCCReference Include="..\..\..\Dev\General\Objects\BusObjEmployeeFormAccess.pas"/>
			<DCCReference Include="..\..\..\Dev\General\Objects\AccessLevelUtils.pas"/>
			<DCCReference Include="..\..\..\Dev\Sales\Modules\SalesDiscountValidationObj.pas"/>
			<DCCReference Include="..\..\..\Dev\Hire\Objects\BusObjDuration.pas"/>
			<DCCReference Include="..\..\..\Common\DateTimeConvert.pas"/>
			<DCCReference Include="..\..\..\Dev\Customfields\Objects\BusObjCustomFieldsGeneral.pas"/>
			<DCCReference Include="..\..\..\Dev\Hire\Objects\BusObjAssetHire.pas"/>
			<DCCReference Include="..\..\..\Dev\Hire\Objects\BusObjHirePricingLine.pas">
				<Form>/  BusObjPQAList in &apos;..\..\..\Dev\Inventory\Objects\BusObjPQAList.pas&apos;;</Form>
			</DCCReference>
			<DCCReference Include="..\..\..\Dev\Inventory\Objects\BusObjPQAList.pas"/>
			<DCCReference Include="..\..\..\Dev\General\Module\EmployeeAccesses.pas"/>
			<DCCReference Include="..\..\..\Dev\Inventory\Objects\BusobjCrossStockCompanies.pas"/>
			<DCCReference Include="..\..\..\Dev\Manufacturing\Objects\busobjProcProgress.pas"/>
			<DCCReference Include="..\..\..\Dev\Manufacturing\Objects\BusobjProctree.pas"/>
			<DCCReference Include="..\..\..\Dev\General\Objects\CommonObjects\ERPServerDetailsObj.pas"/>
			<DCCReference Include="..\..\..\Dev\General\Objects\CommonObjects\FileDownloadFuncs.pas"/>
			<DCCReference Include="..\..\..\Dev\General\Objects\CommonObjects\ERPErrorEmailUtils.pas"/>
			<DCCReference Include="..\..\..\Dev\General\Objects\BusobjcolumnHeadings.pas"/>
			<DCCReference Include="..\..\..\Dev\Manufacturing\Module\ProcProgressLib.pas"/>
			<DCCReference Include="..\..\..\Dev\Employee\Objects\BusObjEmployeePic.pas"/>
			<DCCReference Include="..\..\..\Dev\Employee\Objects\BusObjEmployeeAttachment.pas"/>
			<DCCReference Include="..\..\..\Dev\BaseClasses\Objects\RepObjBase.pas"/>
			<DCCReference Include="..\..\..\Dev\Payments\Objects\RepObjStatementList.pas"/>
			<DCCReference Include="..\..\..\Dev\BaseClasses\ListForms\BaseListingDM.pas"/>
			<DCCReference Include="..\..\..\Dev\Payments\ListForms\StatementListDM.pas"/>
			<DCCReference Include="..\..\..\Dev\General\Module\TypesLib.pas"/>
			<DCCReference Include="..\..\..\Dev\General\Objects\BusObjStateFreight.pas"/>
			<DCCReference Include="..\..\..\Dev\BaseClasses\Objects\ObjBasicInfoObj.pas"/>
			<DCCReference Include="..\..\..\Dev\General\Objects\ApprovalObj.pas"/>
			<DCCReference Include="..\..\..\Dev\CAR\Objects\BusobjCAR.pas"/>
			<DCCReference Include="..\..\..\Common\ERPSets.pas"/>
			<DCCReference Include="..\..\..\Dev\BaseClasses\Objects\BusObjFeTransLines.pas"/>
			<DCCReference Include="..\..\..\Common\DbGen.pas"/>
			<DCCReference Include="..\..\..\Common\CreditCardObj.pas"/>
			<DCCReference Include="..\..\..\Common\EncryptFix.pas"/>
			<DCCReference Include="..\..\..\Common\CardPaymentObj.pas"/>
			<DCCReference Include="..\..\..\Dev\Sales\Objects\BusObjSalesBatches.pas"/>
			<DCCReference Include="..\..\..\Dev\BaseClasses\Objects\BusObjTransLinetotals.pas"/>
			<DCCReference Include="..\..\..\Dev\Accounts\Objects\Report_AR_Obj.pas"/>
			<DCCReference Include="..\..\..\Dev\Accounts\Objects\ReportTransactionsTable.pas"/>
			<DCCReference Include="..\..\..\Dev\Accounts\Objects\Report_AP_Obj.pas"/>
			<DCCReference Include="..\..\..\Dev\General\Objects\PasswordConfigObj.pas"/>
			<DCCReference Include="..\..\..\Dev\ExpenseClaim\Objects\BusObjExpenseClaim.pas"/>
			<DCCReference Include="..\..\..\Dev\ERP\ERPVersionConst.pas"/>
			<DCCReference Include="..\..\..\Dev\Accounts\Objects\ReportSQLProfitAndLossPeriod.pas"/>
			<DCCReference Include="..\..\..\Dev\Accounts\Objects\Report_ProfitnLoss_Obj.pas"/>
			<DCCReference Include="..\..\..\Dev\Accounts\Objects\Report_ProfitnLossPeriod_Obj.pas"/>
			<DCCReference Include="..\..\..\Dev\Accounts\Objects\ProfitAndLossSQL.pas"/>
			<DCCReference Include="..\..\..\Dev\BaseClasses\Objects\BaseListUtilsObj.pas"/>
			<DCCReference Include="..\..\..\Dev\BaseClasses\Objects\BusObjFCOnReport.pas"/>
			<DCCReference Include="..\..\..\Dev\General\Module\ProgressdialogLib.pas"/>
			<DCCReference Include="..\..\..\Dev\BaseClasses\Objects\ReportBaseObj.pas"/>
			<DCCReference Include="..\..\..\Dev\Accounts\Objects\TrialBalanceSQL.pas"/>
			<DCCReference Include="..\..\..\Dev\Accounts\Objects\BalanceSheetSQL.pas"/>
			<DCCReference Include="..\..\..\Dev\Accounts\Objects\ReportSQLBalanceSheet.pas"/>
			<DCCReference Include="..\..\..\Dev\Accounts\Objects\Report_Balancesheet_Obj.pas"/>
			<DCCReference Include="..\..\..\Dev\Manufacturing\Objects\SNBatchUsageSQL.pas"/>
			<DCCReference Include="..\..\..\Dev\Manufacturing\Objects\ProcessProgressAllocSQL.pas"/>
			<DCCReference Include="..\..\..\Dev\ERPMessages\Objects\ERPMessageTypes.pas"/>
			<DCCReference Include="..\..\..\Dev\Inventory\Objects\SerialNumberListCurrentSQL.pas"/>
			<DCCReference Include="..\..\..\Dev\General\Objects\CommonObjects\Barcodeconst.pas"/>
			<DCCReference Include="..\..\..\Dev\Inventory\Objects\ProductSalesDetailsSQL.pas"/>
			<DCCReference Include="..\..\..\Dev\Purchases\Objects\ExpenseClaimSQL.pas"/>
			<DCCReference Include="..\..\..\Dev\Utilities\Objects\GlobalListSQL.pas"/>
			<DCCReference Include="..\..\..\Dev\Accounts\Objects\DashboardAccountSummarySQL.pas"/>
			<DCCReference Include="..\..\..\Dev\General\Objects\MessageDlgXP_Vistaobj.pas"/>
			<DCCReference Include="..\..\..\Dev\Utilities\Modules\PreferancesLib.pas"/>
			<DCCReference Include="..\..\..\Dev\General\Module\SQLsLib.pas"/>
			<DCCReference Include="..\..\..\Dev\Payroll\Objects\PayConst.pas"/>
			<DCCReference Include="..\..\..\Dev\Accounts\Objects\ProfitAndLossPeriodCompareSQL.pas"/>
			<DCCReference Include="..\..\..\Dev\Accounts\Objects\AccountRunningBalanceSQL.pas"/>
			<DCCReference Include="..\..\..\Dev\Accounts\Objects\SummarySheetReportSQL.pas"/>
			<DCCReference Include="..\..\..\Dev\Accounts\Objects\SummarySheetObj.pas"/>
			<DCCReference Include="..\..\..\Dev\General\Objects\CommonObjects\AR_APCalcUnit.pas"/>
			<DCCReference Include="..\..\..\Dev\Accounts\Objects\TaxSummaryReportSQL.pas"/>
			<DCCReference Include="..\..\..\Dev\Accounts\Objects\CashBasis.pas"/>
			<DCCReference Include="..\..\..\Dev\Payments\Objects\ARReportSQL.pas"/>
			<DCCReference Include="..\..\..\Dev\Payments\Objects\APReportSQL.pas"/>
			<DCCReference Include="..\..\..\Dev\Accounts\Objects\GeneralLedgerReportSQL.pas"/>
			<DCCReference Include="..\..\..\Dev\Purchases\Objects\BillReportSQL.pas"/>
			<DCCReference Include="..\..\..\Dev\Integration\Objects\SPSConfigObj.pas"/>
			<DCCReference Include="..\..\..\Dev\Integration\Objects\AmazonConfigObj.pas"/>
			<DCCReference Include="..\..\..\Dev\Accounts\Objects\HMRC_APIConfigObj.pas"/>
			<DCCReference Include="..\..\..\Common\ConfigReaderLib.pas"/>
			<DCCReference Include="..\..\..\Dev\General\Module\FilesLib.pas"/>
			<DCCReference Include="..\..\..\Common\AuthUtilsObj.pas"/>
			<DCCReference Include="..\..\..\Common\ConfigDbObj.pas"/>
			<DCCReference Include="..\..\..\Dev\General\Module\utNewDBUtils.pas"/>
			<DCCReference Include="..\..\..\Dev\Sales\Objects\SerialNumberSalesSQL.pas"/>
			<DCCReference Include="..\..\..\Dev\Utilities\Objects\ExcelfileObj.pas"/>
			<DCCReference Include="..\..\..\Dev\General\Objects\CommonObjects\sndkey32.pas"/>
			<DCCReference Include="..\..\..\Dev\Inventory\Objects\Busobjpartsforexcelprice.pas"/>
			<DCCReference Include="..\..\..\Common\utDbServerThreadTaskList.pas"/>
			<DCCReference Include="..\..\..\Dev\System\Objects\BusObjAppUser.pas"/>
			<DCCReference Include="..\..\..\Dev\BaseClasses\Objects\TemplateReportSelectObj.pas"/>
			<DCCReference Include="..\..\..\Dev\Inventory\Objects\MatrixObj.pas"/>
			<DCCReference Include="..\..\..\Dev\Sales\Objects\PrintPickingSlipsLib.pas"/>
			<DCCReference Include="..\..\..\Dev\TemplateReports\Module\TemplateReportsLib.pas"/>
			<DCCReference Include="..\..\..\Dev\POS\Objects\BusObjPOSTillEOPConfig.pas"/>
			<DCCReference Include="..\..\..\Dev\POS\Objects\POSConst.pas"/>
			<DCCReference Include="..\..\..\Dev\Repairs\Module\RepairsLib.pas"/>
			<DCCReference Include="..\..\..\Dev\Manufacturing\Objects\BusObjBOMSalesOrder.pas"/>
			<DCCReference Include="..\..\..\Dev\Manufacturing\Objects\BusObjProcSummary.pas"/>
			<DCCReference Include="..\..\..\Dev\Sales\Objects\PrintDeliveryDocketLib.pas"/>
			<DCCReference Include="..\..\..\Dev\TemplateReports\Objects\TemplateReportsTypeLib.pas"/>
			<DCCReference Include="..\..\..\Dev\Integration\Objects\IntuitConfigObj.pas"/>
			<DCCReference Include="..\..\..\Dev\Inventory\Objects\BusobjProductQtySum.pas"/>
			<DCCReference Include="..\..\..\Dev\General\Module\ReportLib.pas"/>
			<DCCReference Include="..\..\..\Dev\Integration\Objects\MagentoConfigObj.pas"/>
			<DCCReference Include="..\..\..\Dev\Integration\Objects\WalmartConfigObj.pas"/>
			<DCCReference Include="..\..\..\Dev\Integration\Objects\EDIConfigOBJ.pas"/>
			<DCCReference Include="..\..\..\Dev\Integration\Objects\BusObjCoreEDIConfig.pas"/>
			<DCCReference Include="..\..\..\Dev\Integration\Objects\BusobjExternalXRef.pas"/>
			<DCCReference Include="..\..\..\Common\utCoreEDIConst.pas"/>
			<DCCReference Include="..\..\..\Dev\Sales\Objects\BusObjSaleClientSignature.pas"/>
			<DCCReference Include="..\..\..\Dev\General\Objects\CommonObjects\AddressLib.pas"/>
			<DCCReference Include="..\..\..\Dev\SeedTosale\Objects\StsConfigObj.pas"/>
			<DCCReference Include="..\Modules\ebayIntegration\eBayConfig.pas"/>
			<DCCReference Include="..\..\..\Dev\Payroll\Objects\BusobjSTPRelated.pas"/>
			<DCCReference Include="..\..\..\Dev\Integration\Modules\IntegrationPrefsLib.pas"/>
			<DCCReference Include="..\..\..\Dev\Sales\Objects\SalesListSQL.pas"/>
			<DCCReference Include="..\..\..\Dev\Inventory\Objects\PartClassSQL.pas"/>
			<DCCReference Include="..\..\..\Dev\Payments\Objects\StatementListQL.pas"/>
			<DCCReference Include="..\..\..\Dev\Manufacturing\Objects\TPPGFixObj.pas"/>
			<DCCReference Include="..\..\..\Dev\Accounts\Objects\TransactionsTableLib.pas"/>
			<DCCReference Include="..\..\..\Dev\Utilities\Modules\UserUtilsLib.pas"/>
			<DCCReference Include="..\..\..\Dev\BaseClasses\Objects\ERPWebAPIObjBase.pas"/>
			<DCCReference Include="..\..\..\Dev\Vs1\Objects\BusObjVS1_Cloud.pas"/>
			<DCCReference Include="..\..\..\Dev\SeedTosale\Objects\BusObjStSCommon.pas"/>
			<DCCReference Include="..\..\..\Dev\SeedTosale\Objects\BusObjSeedToSale.pas"/>
			<DCCReference Include="..\..\..\Dev\SeedTosale\Objects\BusobjStSStrain.pas"/>
			<DCCReference Include="..\..\..\Dev\Accounts\Objects\BusobjJournal.pas"/>
			<DCCReference Include="..\..\..\Dev\Payments\Objects\PaymentsListSQL.pas"/>
			<DCCReference Include="..\..\..\Dev\Accounts\Objects\AccountsListSQL.pas"/>
			<DCCReference Include="..\..\..\Dev\Vs1\Objects\BusObjVS1_General.pas"/>
			<DCCReference Include="..\..\..\Dev\Utilities\Objects\busobjcomplogo.pas"/>
			<DCCReference Include="..\..\..\Dev\General\Objects\ERPCombinedContactsSQL.pas"/>
			<DCCReference Include="..\..\..\Dev\SeedTosale\Modules\StSConst.pas"/>
			<DCCReference Include="..\..\..\Dev\Accounts\Objects\ContractorPaymentSummarySQL.pas"/>
			<DCCReference Include="..\..\..\Dev\Vs1\Modules\VS1LicenseLevelsnModulesSQL.pas"/>
			<DCCReference Include="..\..\..\Dev\Vs1\Modules\VS1Lib.pas"/>
			<DCCReference Include="..\..\..\Common\HTTPConst.pas"/>
			<DCCReference Include="..\..\..\Dev\Vs1\Objects\VS1_RegonLicense.pas"/>
			<DCCReference Include="..\..\..\Dev\Vs1\Objects\VS1ConfigObj.pas"/>
			<DCCReference Include="..\..\..\Dev\Accounts\Objects\BusobjReconciliation.pas"/>
			<DCCReference Include="..\..\..\Dev\Accounts\Objects\BusobjReconciliationGUILines.pas"/>
			<DCCReference Include="..\..\..\Dev\Accounts\Objects\RecLib.pas"/>
			<DCCReference Include="..\..\..\Dev\Inventory\Objects\ProductStocknsalePeriodSQL.pas"/>
			<DCCReference Include="..\..\..\Dev\Inventory\Objects\ReportSqlProductStocknSalePeriod.pas"/>
			<DCCReference Include="..\..\..\Dev\Accounts\Objects\BankRecSQL.pas"/>
			<DCCReference Include="..\..\..\Dev\Utilities\Objects\BusobjWebAPIRequestLog.pas"/>
			<DCCReference Include="..\..\..\Dev\General\Objects\CommonObjects\LogMessageTypes.pas"/>
			<DCCReference Include="..\..\..\Dev\Vs1\Objects\BusobjVS1Dashboard.pas"/>
			<DCCReference Include="..\..\..\Dev\Inventory\Module\ProductStockReportLib.pas"/>
			<DCCReference Include="..\..\..\Dev\Inventory\Objects\Busobj_vs1_report_productmovement.pas"/>
			<DCCReference Include="..\..\..\Dev\Inventory\Objects\ProductMovementListSQL.pas"/>
			<DCCReference Include="..\..\..\Dev\Accounts\Modules\FCOnreportLib.pas"/>
			<DCCReference Include="..\..\..\Dev\Integration\Objects\AvaTaxConfigObj.pas"/>
			<DCCReference Include="..\..\..\Dev\Payments\Objects\TransactionListSQL.pas"/>
			<DCCReference Include="..\..\SSLHTTPClient\HttpLib.pas"/>
			<DCCReference Include="..\..\..\Common\RepeatDatesLib.pas"/>
			<DCCReference Include="..\..\..\Dev\Paychex\Objects\BusObjPaychex.pas"/>
			<DCCReference Include="..\..\..\Dev\Paychex\Modules\PaychexLib.pas"/>
			<DCCReference Include="..\..\..\Dev\Sales\Objects\SalesBackOrderSQL.pas"/>
			<DCCReference Include="..\..\..\Dev\General\Objects\GlobalSearchSQL.pas"/>
			<DCCReference Include="..\..\..\Dev\Sales\Objects\CustomerSummaryReportSQL.pas"/>
			<DCCReference Include="..\..\..\Dev\SeedTosale\Modules\StSLib.pas"/>
			<DCCReference Include="..\..\..\Dev\General\Objects\BusobjScheduledReports.pas"/>
			<DCCReference Include="..\..\..\Dev\Payroll\Objects\BusObjPayRun.pas"/>
			<DCCReference Include="..\..\..\Dev\Payroll\Modules\OzEDI_STP2.pas"/>
			<DCCReference Include="..\..\..\Dev\Payroll\Objects\atopayevnt000420200101.pas"/>
			<DCCReference Include="..\..\..\Dev\Payroll\Objects\atopayevntemp000420200101.pas"/>
			<DCCReference Include="..\..\..\Dev\Payroll\Objects\BusObjTaxScales.pas"/>
			<DCCReference Include="..\..\..\Dev\Payroll\Objects\BusObjTax.pas"/>
			<DCCReference Include="..\..\..\Dev\PayrollUSA\Objects\BusObjFormW4.pas"/>
			<DCCReference Include="..\..\..\Dev\PayrollUSA\Objects\BusObjTax2.pas"/>
			<DCCReference Include="..\..\..\Dev\Employee\Objects\BusObjEmployeeLeaveRequests.pas"/>
			<DCCReference Include="..\..\..\Dev\Payments\Modules\StatementsLib.pas"/>
			<DCCReference Include="..\..\..\Dev\Payments\Objects\StatementRunnBalListQL.pas"/>
			<DCCReference Include="..\..\..\Dev\Payments\Modules\StatementsRunnBalLib.pas"/>
			<DCCReference Include="..\..\..\Dev\Accounts\Objects\BankDepositSQL.pas"/>
			<DCCReference Include="..\..\..\Dev\Purchases\Objects\ChequeExSQL.pas"/>
			<DCCReference Include="..\..\..\Dev\Accounts\Objects\ReconciliationSQL.pas"/>
			<DCCReference Include="..\..\..\Dev\Payments\Objects\CustomerPaymentsSQL.pas"/>
			<DCCReference Include="..\..\..\Dev\Payments\Objects\SupplierPaymentsSQL.pas"/>
			<DCCReference Include="..\..\..\Dev\Sales\Objects\QuotesSQL.pas"/>
			<DCCReference Include="..\..\..\Dev\Sales\Objects\SalesOrdersSQL.pas"/>
			<DCCReference Include="..\..\..\Dev\Sales\Objects\RefundSalesSQL.pas"/>
			<DCCReference Include="..\..\..\Dev\Vs1\Objects\BusobjVS1DashboardPreferences.pas"/>
			<DCCReference Include="..\..\..\Dev\Purchases\Objects\BillListSQL.pas"/>
			<DCCReference Include="..\..\..\Dev\BusinessObjects\AppointmentSQL.pas"/>
			<DCCReference Include="..\..\..\Dev\Accounts\Objects\JournalSQL.pas"/>
			<DCCReference Include="..\..\..\Dev\Purchases\Objects\PurchasesBackorderSQL.pas"/>
			<DCCReference Include="..\..\..\Dev\Payroll\Modules\STPUtils.pas"/>
			<DCCReference Include="..\..\..\Dev\Payroll\Objects\atopayevnt000320180100.pas"/>
			<DCCReference Include="..\..\..\Dev\Payroll\Objects\atopayevntemp000320180100.pas"/>
			<DCCReference Include="..\..\..\Dev\Accounts\Objects\BusObjProfitLoss.pas"/>
			<DCCReference Include="..\..\..\Dev\Payroll\Objects\BusobjPayCommon.pas"/>
			<DCCReference Include="..\..\..\Dev\Purchases\Objects\PurchaseOrdersSQL.pas"/>
			<DCCReference Include="..\..\..\Dev\Sales\Objects\InvoicesSQL.pas"/>
			<DCCReference Include="..\..\..\Dev\BaseClasses\Objects\SalesnPOSQL.pas"/>
			<DCCReference Include="..\..\..\Dev\Vs1\Modules\VS1PreferencesSQL.pas"/>
			<DCCReference Include="..\..\..\Dev\General\Objects\busobjProjectnTasks.pas"/>
			<DCCReference Include="..\..\..\Dev\Clients\Common\Objects\BusObjLeavRequest.pas"/>
			<DCCReference Include="..\..\..\..\TrueERP\TrueERPEDI\Dev\Chilkat\CK_DLL_Const.pas"/>
			<DCCReference Include="..\..\..\Dev\Accounts\Objects\BusObjBankReconciliationRules.pas"/>
			<DCCReference Include="..\..\..\Dev\Inventory\Objects\StockTransferEntrySQL.pas"/>
			<DCCReference Include="..\..\..\Dev\InventoryAdjust\Objects\StockAdjustEntrySQL.pas"/>
			<DCCReference Include="..\..\..\Dev\ExpenseClaim\Objects\ExpenseClaimList.pas"/>
			<DCCReference Include="..\..\..\Dev\Inventory\Objects\ProductListSQL.pas"/>
			<DCCReference Include="..\..\..\Dev\Inventory\Objects\StockQuantityLocationSQL.pas"/>
			<DCCReference Include="..\..\..\Dev\Sales\Objects\JobSalesSummarySQL.pas"/>
			<DCCReference Include="..\..\..\Dev\Sales\Objects\JobProfitabilitySQL.pas"/>
			<DCCReference Include="..\..\..\Dev\Purchases\Objects\SupplierProductSQL.pas"/>
			<DCCReference Include="..\..\..\Dev\Inventory\Objects\StockValueSQL.pas"/>
			<DCCReference Include="..\..\..\Dev\Payroll\Objects\LeaveTakenSQL.pas"/>
			<DCCReference Include="..\..\..\Dev\Accounts\Objects\BusObjBankRule.pas"/>
			<DCCReference Include="..\..\..\Dev\Accounts\Objects\BusObjReportsAccountant.pas">
				<Form>/  BusObjPQAList in &apos;..\..\..\Dev\Inventory\Objects\BusObjPQAList.pas&apos;;</Form>
			</DCCReference>
			<DCCReference Include="..\..\..\Dev\Returns\Objects\BASReturnDetailSQL.pas"/>
			<DCCReference Include="..\..\..\Dev\General\Objects\CommonObjects\BusObjCurfreqSettings.pas"/>
			<DCCReference Include="..\..\..\Dev\Inventory\Objects\ProductBatchesSQL.pas"/>
			<DCCReference Include="..\..\..\Dev\Accounts\Objects\BusObjPnLLayout.pas"/>
			<DCCReference Include="..\..\..\Dev\BOM\Objects\WorkOrderListSQL.pas"/>
			<DCCReference Include="..\..\..\Dev\Accounts\Objects\AccountVS1ListSQL.pas"/>
			<DCCReference Include="..\..\..\Dev\Clients\Customers\Objects\CustomerVS1ListSQL.pas"/>
			<DCCReference Include="..\..\..\Dev\Clients\Suppliers\Objects\SupplierVS1ListSQL.pas"/>
			<DCCReference Include="..\..\..\Dev\Clients\Common\Objects\ProspectListSQL.pas"/>
			<DCCReference Include="..\..\..\Dev\Employee\Objects\EmployeeListSQL.pas"/>
			<DCCReference Include="..\..\..\Dev\General\Objects\ProjectTasksListSQL.pas"/>
			<DCCReference Include="..\..\..\Dev\FixedAssets\Objects\FixedAssetsListSQL.pas"/>
			<DCCReference Include="..\..\..\Dev\Payroll\Objects\Pay\LeaveAccrualListSQL.pas"/>
			<DCCReference Include="..\..\..\Dev\FixedAssets\Objects\AssetRegisterReportSQL.pas"/>
			<DCCReference Include="..\..\..\Dev\FixedAssets\Objects\ServiceLogListSQL.pas"/>
			<DCCReference Include="..\..\..\Dev\FixedAssets\Objects\BusObjServiceLog.pas"/>
			<DCCReference Include="..\..\..\Dev\FixedAssets\Objects\BusObjCostTypes.pas"/>
			<DCCReference Include="..\..\..\Dev\Returns\Objects\BusobjReturns.pas"/>
			<DCCReference Include="..\..\..\Dev\BusinessObjects\ClientTypeListSQL.pas"/>
			<DCCReference Include="..\..\..\Dev\General\Objects\CommonObjects\LeadStatusTypeListSQL.pas"/>
			<DCCReference Include="..\..\..\Dev\Accounts\Objects\DeptClassListSQL.pas"/>
			<DCCReference Include="..\..\..\Dev\BOM\Objects\BusobjVS1WorkOrder.pas"/>
			<DCCReference Include="..\..\..\Dev\Payments\Objects\PaymentMethodListSQL.pas"/>
			<DCCReference Include="..\..\..\Dev\BusinessObjects\TermsVS1ListSQL.pas"/>
			<DCCReference Include="..\..\..\Dev\BaseClasses\Objects\CurrencyListSQL.pas"/>
			<DCCReference Include="..\..\..\Dev\Inventory\Objects\UnitOfMeasureListSQL.pas"/>
			<DCCReference Include="..\..\..\Dev\Inventory\Objects\BusobjProductHeader.pas"/>
			<DCCReference Include="..\..\..\Dev\Inventory\Objects\BusObjProductOption.pas"/>
			<DCCReference Include="..\..\..\Dev\Returns\Objects\BusObjVatReturns.pas"/>
			<DCCReference Include="..\..\..\Dev\Payments\Objects\BusObjReceiptLog.pas"/>
			<DCCReference Include="..\IpRangeListObj.pas"/>
			<DCCReference Include="..\JsonRPC\JsonRpcTcpServer.pas"/>
			<DCCReference Include="..\..\..\Common\ServerModules\ServerModuleStubObj.pas"/>
			<DCCReference Include="..\Modules\UserUtils\ClientConfigObj.pas"/>
			<DCCReference Include="..\UtilsServerConfigObj.pas"/>
			<DCCReference Include="..\Modules\ServerModuleList.pas"/>
			<DCCReference Include="..\Modules\ModuleBaseServerObj.pas"/>
			<DCCReference Include="..\Modules\ModuleBaseObj.pas"/>
			<DCCReference Include="..\..\ERPUpdater\UpdaterCallUtils.pas"/>
			<DCCReference Include="..\..\ERPUpdater\UpdaterConst.pas"/>
			<DCCReference Include="..\HTTPServerConfigObj.pas"/>
			<DCCReference Include="..\..\..\Dev\General\Objects\CommonObjects\InternetConnectivityUtils.pas"/>
			<DCCReference Include="..\..\..\Common\JsonObjectUtils.pas"/>
			<DCCReference Include="..\Modules\ERPModUserUtils\ERPLicenseLib.pas"/>
			<DCCReference Include="..\Modules\ModuleDbUtils.pas"/>
			<DCCReference Include="..\..\..\Dev\Accounts\Objects\BusObjBankImportRule.pas"/>
			<DCCReference Include="..\..\..\Dev\Vs1\Objects\DashboardAccountsData1SQL.pas"/>
			<DCCReference Include="..\..\..\Dev\Vs1\Objects\DashboardSalesData1SQL.pas"/>
			<DCCReference Include="..\..\..\Dev\Vs1\Objects\DashboardSalesData2SQL.pas"/>
			<BuildConfiguration Include="Release">
				<Key>Cfg_2</Key>
				<CfgParent>Base</CfgParent>
			</BuildConfiguration>
			<BuildConfiguration Include="Base">
				<Key>Base</Key>
			</BuildConfiguration>
			<BuildConfiguration Include="Debug">
				<Key>Cfg_1</Key>
				<CfgParent>Base</CfgParent>
			</BuildConfiguration>
		</ItemGroup>
		<Import Condition="Exists('$(BDS)\Bin\CodeGear.Delphi.Targets')" Project="$(BDS)\Bin\CodeGear.Delphi.Targets"/>
		<Import Condition="Exists('$(APPDATA)\Embarcadero\$(BDSAPPDATABASEDIR)\$(PRODUCTVERSION)\UserTools.proj')" Project="$(APPDATA)\Embarcadero\$(BDSAPPDATABASEDIR)\$(PRODUCTVERSION)\UserTools.proj"/>
		<ProjectExtensions>
			<Borland.Personality>Delphi.Personality.12</Borland.Personality>
			<Borland.ProjectType/>
			<BorlandProject>
				<Delphi.Personality>
					<VersionInfo>
						<VersionInfo Name="IncludeVerInfo">True</VersionInfo>
						<VersionInfo Name="AutoIncBuild">False</VersionInfo>
						<VersionInfo Name="MajorVer">2023</VersionInfo>
						<VersionInfo Name="MinorVer">0</VersionInfo>
						<VersionInfo Name="Release">5</VersionInfo>
						<VersionInfo Name="Build">0</VersionInfo>
						<VersionInfo Name="Debug">False</VersionInfo>
						<VersionInfo Name="PreRelease">False</VersionInfo>
						<VersionInfo Name="Special">False</VersionInfo>
						<VersionInfo Name="Private">False</VersionInfo>
						<VersionInfo Name="DLL">False</VersionInfo>
						<VersionInfo Name="Locale">1033</VersionInfo>
						<VersionInfo Name="CodePage">1252</VersionInfo>
					</VersionInfo>
					<VersionInfoKeys>
						<VersionInfoKeys Name="CompanyName">TrueERP</VersionInfoKeys>
						<VersionInfoKeys Name="FileDescription">ERP WebAPI Server</VersionInfoKeys>
						<VersionInfoKeys Name="FileVersion">2023.0.5.0</VersionInfoKeys>
						<VersionInfoKeys Name="InternalName">ERP Web API Server</VersionInfoKeys>
						<VersionInfoKeys Name="LegalCopyright"/>
						<VersionInfoKeys Name="LegalTrademarks"/>
						<VersionInfoKeys Name="OriginalFilename"/>
						<VersionInfoKeys Name="ProductName"/>
						<VersionInfoKeys Name="ProductVersion">2023.0.5.0</VersionInfoKeys>
						<VersionInfoKeys Name="Comments"/>
					</VersionInfoKeys>
					<Excluded_Packages>
						<Excluded_Packages Name="C:\Users\Public\Documents\RAD Studio\8.0\Bpl\JclContainers150.bpl">JEDI Code Library Containers package</Excluded_Packages>
						<Excluded_Packages Name="C:\Users\Public\Documents\RAD Studio\8.0\Bpl\JclVcl150.bpl">JEDI Code Library VCL package</Excluded_Packages>
						<Excluded_Packages Name="$(BDSBIN)\dcloffice2k150.bpl">Microsoft Office 2000 Sample Automation Server Wrapper Components</Excluded_Packages>
					</Excluded_Packages>
					<Source>
						<Source Name="MainSource">ERPWebService.dpr</Source>
					</Source>
				</Delphi.Personality>
				<Platforms>
					<Platform value="Win32">True</Platform>
				</Platforms>
			</BorlandProject>
			<ProjectFileVersion>12</ProjectFileVersion>
		</ProjectExtensions>
	</Project>
