	<Project xmlns="http://schemas.microsoft.com/developer/msbuild/2003">
		<PropertyGroup>
			<ProjectGuid>{7E3E1051-6E12-4B08-AD6B-69A4FA4415F1}</ProjectGuid>
			<ProjectVersion>12.3</ProjectVersion>
			<MainSource>SiteIntegration.dpr</MainSource>
			<Base>True</Base>
			<Config Condition="'$(Config)'==''">Debug</Config>
			<Platform>Win32</Platform>
			<AppType>Library</AppType>
			<FrameworkType>None</FrameworkType>
			<DCC_DCCCompiler>DCC32</DCC_DCCCompiler>
		</PropertyGroup>
		<PropertyGroup Condition="'$(Config)'=='Base' or '$(Base)'!=''">
			<Base>true</Base>
		</PropertyGroup>
		<PropertyGroup Condition="'$(Config)'=='Debug' or '$(Cfg_1)'!=''">
			<Cfg_1>true</Cfg_1>
			<CfgParent>Base</CfgParent>
			<Base>true</Base>
		</PropertyGroup>
		<PropertyGroup Condition="'$(Config)'=='Release' or '$(Cfg_2)'!=''">
			<Cfg_2>true</Cfg_2>
			<CfgParent>Base</CfgParent>
			<Base>true</Base>
		</PropertyGroup>
		<PropertyGroup Condition="'$(Base)'!=''">
			<GenDll>true</GenDll>
			<DCC_ImageBase>00400000</DCC_ImageBase>
			<DCC_DcuOutput>.\$(Config)\$(Platform)</DCC_DcuOutput>
			<DCC_UnitAlias>WinTypes=Windows;WinProcs=Windows;DbiTypes=BDE;DbiProcs=BDE;$(DCC_UnitAlias)</DCC_UnitAlias>
			<DCC_ExeOutput>.\$(Config)\$(Platform)</DCC_ExeOutput>
		</PropertyGroup>
		<PropertyGroup Condition="'$(Cfg_1)'!=''">
			<DCC_UnitSearchPath>C:\Dev\ERP\Dev;$(DCC_UnitSearchPath)</DCC_UnitSearchPath>
			<DCC_ExeOutput>..\..\exe\modules</DCC_ExeOutput>
			<DCC_Define>DEBUG;$(DCC_Define)</DCC_Define>
			<DCC_Optimize>false</DCC_Optimize>
			<DCC_GenerateStackFrames>true</DCC_GenerateStackFrames>
		</PropertyGroup>
		<PropertyGroup Condition="'$(Cfg_2)'!=''">
			<DCC_LocalDebugSymbols>false</DCC_LocalDebugSymbols>
			<DCC_Define>RELEASE;$(DCC_Define)</DCC_Define>
			<DCC_SymbolReferenceInfo>0</DCC_SymbolReferenceInfo>
			<DCC_DebugInformation>false</DCC_DebugInformation>
		</PropertyGroup>
		<ItemGroup>
			<DelphiCompile Include="SiteIntegration.dpr">
				<MainSource>MainSource</MainSource>
			</DelphiCompile>
			<DCCReference Include="APIDataSyncObj.pas"/>
			<DCCReference Include="ApiObjectListObj.pas"/>
			<DCCReference Include="..\..\..\..\Dev\General\Objects\CommonObjects\LogThreadBase.pas"/>
			<DCCReference Include="..\..\JsonRPC\JsonRpcBase.pas"/>
			<DCCReference Include="..\ModuleBaseServerObj.pas"/>
			<DCCReference Include="..\ModuleBaseObj.pas"/>
			<DCCReference Include="..\ModuleConst.pas"/>
			<DCCReference Include="..\..\..\..\Common\JSONObject.pas"/>
			<DCCReference Include="..\..\JsonRPC\JsonRpcConst.pas"/>
			<DCCReference Include="..\..\..\..\Dev\General\Objects\CommonObjects\LogMessageTypes.pas"/>
			<DCCReference Include="..\..\..\..\Dev\General\Objects\CommonObjects\LogThreadLib.pas"/>
			<DCCReference Include="..\..\..\..\Common\JsonToObject.pas"/>
			<DCCReference Include="..\..\..\..\Common\CipherUtils.pas"/>
			<DCCReference Include="..\ModuleUtils.pas"/>
			<DCCReference Include="..\..\..\..\Dev\BusinessObjects\BusObjSchemaLib.pas"/>
			<DCCReference Include="..\..\..\..\Common\WebApiClientObj.pas"/>
			<DCCReference Include="..\..\..\..\Common\WebApiConst.pas"/>
			<DCCReference Include="..\..\..\..\Common\ConfigDbObj.pas"/>
			<DCCReference Include="..\..\..\..\Common\MySQLUtils.pas"/>
			<DCCReference Include="..\..\..\..\Common\DbConst.pas"/>
			<DCCReference Include="..\..\..\..\Dev\General\Objects\CommonObjects\AppRunUtils.pas"/>
			<DCCReference Include="..\..\..\..\Common\JsonObjectUtils.pas"/>
			<DCCReference Include="..\..\..\..\Dev\General\Objects\CommonObjects\LogThreadDbLib.pas"/>
			<DCCReference Include="ModuleSiteIntegrationObj.pas"/>
			<DCCReference Include="..\..\..\..\Common\URILib.pas"/>
			<DCCReference Include="..\..\..\..\Dev\General\Objects\CommonObjects\SystemLib.pas"/>
			<DCCReference Include="..\..\..\..\Common\UURIEncode.pas"/>
			<DCCReference Include="SynchReportObj.pas"/>
			<DCCReference Include="..\..\..\..\Common\MySQLConst.pas"/>
			<BuildConfiguration Include="Release">
				<Key>Cfg_2</Key>
				<CfgParent>Base</CfgParent>
			</BuildConfiguration>
			<BuildConfiguration Include="Base">
				<Key>Base</Key>
			</BuildConfiguration>
			<BuildConfiguration Include="Debug">
				<Key>Cfg_1</Key>
				<CfgParent>Base</CfgParent>
			</BuildConfiguration>
		</ItemGroup>
		<Import Condition="Exists('$(BDS)\Bin\CodeGear.Delphi.Targets')" Project="$(BDS)\Bin\CodeGear.Delphi.Targets"/>
		<Import Condition="Exists('$(APPDATA)\Embarcadero\$(BDSAPPDATABASEDIR)\$(PRODUCTVERSION)\UserTools.proj')" Project="$(APPDATA)\Embarcadero\$(BDSAPPDATABASEDIR)\$(PRODUCTVERSION)\UserTools.proj"/>
		<ProjectExtensions>
			<Borland.Personality>Delphi.Personality.12</Borland.Personality>
			<Borland.ProjectType/>
			<BorlandProject>
				<Delphi.Personality>
					<VersionInfo>
						<VersionInfo Name="IncludeVerInfo">True</VersionInfo>
						<VersionInfo Name="AutoIncBuild">False</VersionInfo>
						<VersionInfo Name="MajorVer">11</VersionInfo>
						<VersionInfo Name="MinorVer">0</VersionInfo>
						<VersionInfo Name="Release">0</VersionInfo>
						<VersionInfo Name="Build">9</VersionInfo>
						<VersionInfo Name="Debug">False</VersionInfo>
						<VersionInfo Name="PreRelease">False</VersionInfo>
						<VersionInfo Name="Special">False</VersionInfo>
						<VersionInfo Name="Private">False</VersionInfo>
						<VersionInfo Name="DLL">False</VersionInfo>
						<VersionInfo Name="Locale">3081</VersionInfo>
						<VersionInfo Name="CodePage">1252</VersionInfo>
					</VersionInfo>
					<VersionInfoKeys>
						<VersionInfoKeys Name="CompanyName">Madeurne Pty Ltd</VersionInfoKeys>
						<VersionInfoKeys Name="FileDescription">Site Intergration Module</VersionInfoKeys>
						<VersionInfoKeys Name="FileVersion">11.0.0.9</VersionInfoKeys>
						<VersionInfoKeys Name="InternalName">Site Intergration Module</VersionInfoKeys>
						<VersionInfoKeys Name="LegalCopyright"/>
						<VersionInfoKeys Name="LegalTrademarks"/>
						<VersionInfoKeys Name="OriginalFilename"/>
						<VersionInfoKeys Name="ProductName"/>
						<VersionInfoKeys Name="ProductVersion">11.0.0.9</VersionInfoKeys>
						<VersionInfoKeys Name="Comments"/>
					</VersionInfoKeys>
					<Excluded_Packages>
						<Excluded_Packages Name="$(BDSBIN)\dclofficexp150.bpl">Microsoft Office XP Sample Automation Server Wrapper Components</Excluded_Packages>
						<Excluded_Packages Name="$(BDSBIN)\dcloffice2k150.bpl">Microsoft Office 2000 Sample Automation Server Wrapper Components</Excluded_Packages>
					</Excluded_Packages>
					<Source>
						<Source Name="MainSource">SiteIntegration.dpr</Source>
					</Source>
					<Parameters>
						<Parameters Name="HostApplication">C:\Dev\ERP\Utils\ERPUtilsServer\EXE\ErpUtilsServerConsole.exe</Parameters>
					</Parameters>
				</Delphi.Personality>
				<Platforms>
					<Platform value="Win32">True</Platform>
				</Platforms>
			</BorlandProject>
			<ProjectFileVersion>12</ProjectFileVersion>
		</ProjectExtensions>
	</Project>
