	<Project xmlns="http://schemas.microsoft.com/developer/msbuild/2003">
		<PropertyGroup>
			<ProjectGuid>{BEB858A2-2189-4D16-A33F-76E8218BBF19}</ProjectGuid>
			<MainSource>ErpServiceMenu.dpr</MainSource>
			<Base>True</Base>
			<Config Condition="'$(Config)'==''">Debug</Config>
			<Platform>Win32</Platform>
			<AppType>Application</AppType>
			<FrameworkType>VCL</FrameworkType>
			<DCC_DCCCompiler>DCC32</DCC_DCCCompiler>
			<ProjectVersion>12.3</ProjectVersion>
		</PropertyGroup>
		<PropertyGroup Condition="'$(Config)'=='Base' or '$(Base)'!=''">
			<Base>true</Base>
		</PropertyGroup>
		<PropertyGroup Condition="'$(Config)'=='Release' or '$(Cfg_1)'!=''">
			<Cfg_1>true</Cfg_1>
			<CfgParent>Base</CfgParent>
			<Base>true</Base>
		</PropertyGroup>
		<PropertyGroup Condition="'$(Config)'=='Debug' or '$(Cfg_2)'!=''">
			<Cfg_2>true</Cfg_2>
			<CfgParent>Base</CfgParent>
			<Base>true</Base>
		</PropertyGroup>
		<PropertyGroup Condition="'$(Base)'!=''">
			<DCC_E>false</DCC_E>
			<DCC_ImageBase>00400000</DCC_ImageBase>
			<DCC_UnitAlias>WinTypes=Windows;WinProcs=Windows;DbiTypes=BDE;DbiProcs=BDE;DbiErrs=BDE;WinTypes=Windows;WinProcs=Windows;$(DCC_UnitAlias)</DCC_UnitAlias>
			<DCC_F>false</DCC_F>
			<DCC_S>false</DCC_S>
			<DCC_N>false</DCC_N>
			<DCC_K>false</DCC_K>
		</PropertyGroup>
		<PropertyGroup Condition="'$(Cfg_1)'!=''">
			<DCC_LocalDebugSymbols>false</DCC_LocalDebugSymbols>
			<DCC_Define>RELEASE;$(DCC_Define)</DCC_Define>
			<DCC_SymbolReferenceInfo>0</DCC_SymbolReferenceInfo>
			<DCC_DebugInformation>false</DCC_DebugInformation>
		</PropertyGroup>
		<PropertyGroup Condition="'$(Cfg_2)'!=''">
			<DCC_DebugInfoInExe>true</DCC_DebugInfoInExe>
			<DCC_Optimize>false</DCC_Optimize>
			<DCC_Define>DEBUG;$(DCC_Define)</DCC_Define>
			<DCC_GenerateStackFrames>true</DCC_GenerateStackFrames>
			<DCC_UnitSearchPath>C:\dev\erp\Dev;$(DCC_UnitSearchPath)</DCC_UnitSearchPath>
		</PropertyGroup>
		<ItemGroup>
			<DelphiCompile Include="ErpServiceMenu.dpr">
				<MainSource>MainSource</MainSource>
			</DelphiCompile>
			<DCCReference Include="frmConfigMain.pas">
				<Form>fmConfigMain</Form>
			</DCCReference>
			<DCCReference Include="frmServerConnect.pas">
				<Form>fmServerConnect</Form>
			</DCCReference>
			<DCCReference Include="..\JsonRPC\JsonRpcConst.pas"/>
			<DCCReference Include="..\JsonRPC\JsonRpcTcpClient.pas"/>
			<DCCReference Include="..\Modules\ModuleUtils.pas"/>
			<DCCReference Include="..\ModuleInfoObj.pas"/>
			<DCCReference Include="..\Modules\ModuleBaseObj.pas"/>
			<DCCReference Include="..\Modules\ModuleConst.pas"/>
			<DCCReference Include="..\ModuleFunctions.pas"/>
			<DCCReference Include="..\Modules\ModuleBaseClientObj.pas"/>
			<DCCReference Include="..\Modules\Multisite\Gui\ModuleMultisiteGuiObj.pas"/>
			<DCCReference Include="..\Modules\Multisite\Gui\frmMultisiteConfigGui.pas"/>
			<DCCReference Include="..\Modules\Updater\Gui\ModuleUpdaterGuiObj.pas"/>
			<DCCReference Include="..\Modules\frmModuleConfigBase.pas">
				<Form>fmModuleConfigBase</Form>
			</DCCReference>
			<DCCReference Include="..\Modules\Updater\Gui\frmUpdaterConfigGui.pas">
				<Form>fmUpdaterConfigGui</Form>
			</DCCReference>
			<DCCReference Include="..\Modules\ClientServer\Gui\ModuleClientServerGuiObj.pas"/>
			<DCCReference Include="..\Modules\ClientServer\Gui\frmClientServerConfigGui.pas">
				<Form>fmClientServerConfigGui</Form>
			</DCCReference>
			<DCCReference Include="..\Modules\UserUtils\Gui\ModuleUserUtilsGuiObj.pas"/>
			<DCCReference Include="..\..\..\Dev\General\Objects\CommonObjects\UserUtilsClientObj.pas"/>
			<DCCReference Include="..\..\..\Dev\General\InputForms\ModalInputBoxGUI.pas">
				<Form>fmModalInputBox</Form>
			</DCCReference>
			<DCCReference Include="..\..\..\Common\JSONObject.pas"/>
			<DCCReference Include="..\..\..\Common\JsonToObject.pas"/>
			<DCCReference Include="..\Modules\UserUtils\Gui\frmUserUtilsConfigGui.pas">
				<Form>fmUserUtilsConfigGui</Form>
			</DCCReference>
			<DCCReference Include="..\JsonRPC\JsonRpcBase.pas"/>
			<DCCReference Include="..\Modules\frmBaseEdit.pas"/>
			<DCCReference Include="..\Modules\frmBase.pas">
				<Form>fmBase</Form>
			</DCCReference>
			<DCCReference Include="..\Modules\Multisite\MultisiteConst.pas"/>
			<DCCReference Include="..\Modules\Multisite\MultisiteConfigObj.pas"/>
			<DCCReference Include="..\..\..\Common\CipherUtils.pas"/>
			<DCCReference Include="..\Modules\Multisite\Gui\frmServerEdit.pas"/>
			<DCCReference Include="..\Modules\Multisite\Gui\frmDatabaseEdit.pas"/>
			<DCCReference Include="..\Modules\Multisite\Gui\frmRemoteDatabaseEdit.pas"/>
			<DCCReference Include="..\..\..\Dev\General\Objects\CommonObjects\OpProgressObj.pas"/>
			<DCCReference Include="..\Modules\WebAPI\Gui\ModuleWebAPIGuiObj.pas"/>
			<DCCReference Include="..\Modules\WebAPI\Gui\frmWebAPIConfigGui.pas">
				<Form>fmWebAPIConfigGui</Form>
			</DCCReference>
			<DCCReference Include="..\..\..\Dev\General\Objects\CommonObjects\LogThreadLib.pas"/>
			<DCCReference Include="..\ModuleControl.pas"/>
			<DCCReference Include="..\HTTPServerConfigObj.pas"/>
			<DCCReference Include="..\UtilsServerConfigObj.pas"/>
			<DCCReference Include="..\..\..\Dev\General\Objects\CommonObjects\LogMessageTypes.pas"/>
			<DCCReference Include="..\..\..\Dev\General\Objects\CommonObjects\LogThreadBase.pas"/>
			<DCCReference Include="..\..\..\Dev\General\InputForms\frmDatabaseBackup.pas"/>
			<DCCReference Include="..\..\..\Dev\General\Objects\CommonObjects\SystemLib.pas"/>
			<DCCReference Include="..\Tester\frmWebAPITestSteps.pas"/>
			<DCCReference Include="..\Tester\WebApiTestObj.pas"/>
			<DCCReference Include="..\Tester\TesterObj.pas"/>
			<DCCReference Include="..\..\..\Common\MySQLUtils.pas"/>
			<DCCReference Include="..\..\..\Common\DbConst.pas"/>
			<DCCReference Include="..\..\..\Dev\General\Objects\CommonObjects\AppRunUtils.pas"/>
			<DCCReference Include="..\..\..\Common\SimpleEncrypt.pas"/>
			<DCCReference Include="..\Tester\TestItemGUI.pas">
				<Form>TestItemFrame</Form>
				<DesignClass>TFrame</DesignClass>
			</DCCReference>
			<DCCReference Include="..\Tester\frmBaseTestSteps.pas"/>
			<DCCReference Include="..\Tester\UtilsTestObj.pas"/>
			<DCCReference Include="..\..\..\Common\UtilsLib.pas"/>
			<DCCReference Include="..\..\..\Common\ServerModules\ServerModuleStubObj.pas"/>
			<DCCReference Include="..\..\..\Common\ModuleComms.pas"/>
			<DCCReference Include="..\..\..\Common\SimplePipes.pas"/>
			<DCCReference Include="..\..\..\Common\ThreadProperty.pas"/>
			<DCCReference Include="..\..\..\Common\ServerModules\ServerModuleConst.pas"/>
			<DCCReference Include="..\Modules\ModuleClientUtils.pas"/>
			<BuildConfiguration Include="Debug">
				<Key>Cfg_2</Key>
				<CfgParent>Base</CfgParent>
			</BuildConfiguration>
			<BuildConfiguration Include="Base">
				<Key>Base</Key>
			</BuildConfiguration>
			<BuildConfiguration Include="Release">
				<Key>Cfg_1</Key>
				<CfgParent>Base</CfgParent>
			</BuildConfiguration>
		</ItemGroup>
		<Import Condition="Exists('$(BDS)\Bin\CodeGear.Delphi.Targets')" Project="$(BDS)\Bin\CodeGear.Delphi.Targets"/>
		<Import Condition="Exists('$(APPDATA)\Embarcadero\$(BDSAPPDATABASEDIR)\$(PRODUCTVERSION)\UserTools.proj')" Project="$(APPDATA)\Embarcadero\$(BDSAPPDATABASEDIR)\$(PRODUCTVERSION)\UserTools.proj"/>
		<ProjectExtensions>
			<Borland.Personality>Delphi.Personality.12</Borland.Personality>
			<Borland.ProjectType>VCLApplication</Borland.ProjectType>
			<BorlandProject>
				<Delphi.Personality>
					<Source>
						<Source Name="MainSource">ErpServiceMenu.dpr</Source>
					</Source>
					<VersionInfo>
						<VersionInfo Name="IncludeVerInfo">True</VersionInfo>
						<VersionInfo Name="AutoIncBuild">False</VersionInfo>
						<VersionInfo Name="MajorVer">11</VersionInfo>
						<VersionInfo Name="MinorVer">0</VersionInfo>
						<VersionInfo Name="Release">0</VersionInfo>
						<VersionInfo Name="Build">2</VersionInfo>
						<VersionInfo Name="Debug">False</VersionInfo>
						<VersionInfo Name="PreRelease">False</VersionInfo>
						<VersionInfo Name="Special">False</VersionInfo>
						<VersionInfo Name="Private">False</VersionInfo>
						<VersionInfo Name="DLL">False</VersionInfo>
						<VersionInfo Name="Locale">2057</VersionInfo>
						<VersionInfo Name="CodePage">1252</VersionInfo>
					</VersionInfo>
					<VersionInfoKeys>
						<VersionInfoKeys Name="CompanyName">Madeurne Pty Ltd</VersionInfoKeys>
						<VersionInfoKeys Name="FileDescription">ERP Service Menu</VersionInfoKeys>
						<VersionInfoKeys Name="FileVersion">11.0.0.2</VersionInfoKeys>
						<VersionInfoKeys Name="InternalName"/>
						<VersionInfoKeys Name="LegalCopyright"/>
						<VersionInfoKeys Name="LegalTrademarks"/>
						<VersionInfoKeys Name="OriginalFilename"/>
						<VersionInfoKeys Name="ProductName"/>
						<VersionInfoKeys Name="ProductVersion">11.0.0.2</VersionInfoKeys>
						<VersionInfoKeys Name="Comments"/>
					</VersionInfoKeys>
				</Delphi.Personality>
				<Platforms>
					<Platform value="Win32">True</Platform>
				</Platforms>
			</BorlandProject>
			<ProjectFileVersion>12</ProjectFileVersion>
		</ProjectExtensions>
	</Project>
