	<Project xmlns="http://schemas.microsoft.com/developer/msbuild/2003">
		<PropertyGroup>
			<ProjectGuid>{C23D2F04-B699-4A63-875F-270DC6F15768}</ProjectGuid>
			<ProjectVersion>12.3</ProjectVersion>
			<MainSource>ERPModSiteIntegration.dpr</MainSource>
			<Base>True</Base>
			<Config Condition="'$(Config)'==''">Debug</Config>
			<Platform>Win32</Platform>
			<AppType>Console</AppType>
			<FrameworkType>None</FrameworkType>
			<DCC_DCCCompiler>DCC32</DCC_DCCCompiler>
		</PropertyGroup>
		<PropertyGroup Condition="'$(Config)'=='Base' or '$(Base)'!=''">
			<Base>true</Base>
		</PropertyGroup>
		<PropertyGroup Condition="'$(Config)'=='Debug' or '$(Cfg_1)'!=''">
			<Cfg_1>true</Cfg_1>
			<CfgParent>Base</CfgParent>
			<Base>true</Base>
		</PropertyGroup>
		<PropertyGroup Condition="'$(Config)'=='Release' or '$(Cfg_2)'!=''">
			<Cfg_2>true</Cfg_2>
			<CfgParent>Base</CfgParent>
			<Base>true</Base>
		</PropertyGroup>
		<PropertyGroup Condition="'$(Base)'!=''">
			<DCC_ImageBase>00400000</DCC_ImageBase>
			<DCC_DcuOutput>.\$(Config)\$(Platform)</DCC_DcuOutput>
			<DCC_UnitAlias>WinTypes=Windows;WinProcs=Windows;DbiTypes=BDE;DbiProcs=BDE;$(DCC_UnitAlias)</DCC_UnitAlias>
			<DCC_ExeOutput>.\$(Config)\$(Platform)</DCC_ExeOutput>
		</PropertyGroup>
		<PropertyGroup Condition="'$(Cfg_1)'!=''">
			<DCC_ExeOutput>..\..\exe\modules</DCC_ExeOutput>
			<DCC_UnitSearchPath>C:\Dev\ERP\Dev;$(DCC_UnitSearchPath)</DCC_UnitSearchPath>
			<DCC_Define>DEBUG;$(DCC_Define)</DCC_Define>
			<DCC_Optimize>false</DCC_Optimize>
			<DCC_GenerateStackFrames>true</DCC_GenerateStackFrames>
		</PropertyGroup>
		<PropertyGroup Condition="'$(Cfg_2)'!=''">
			<DCC_LocalDebugSymbols>false</DCC_LocalDebugSymbols>
			<DCC_Define>RELEASE;$(DCC_Define)</DCC_Define>
			<DCC_SymbolReferenceInfo>0</DCC_SymbolReferenceInfo>
			<DCC_DebugInformation>false</DCC_DebugInformation>
		</PropertyGroup>
		<ItemGroup>
			<DelphiCompile Include="ERPModSiteIntegration.dpr">
				<MainSource>MainSource</MainSource>
			</DelphiCompile>
			<DCCReference Include="..\..\..\..\Common\ConsoleLogObj.pas"/>
			<DCCReference Include="ModSiteIntegration.pas"/>
			<DCCReference Include="..\..\..\..\Common\ServerModules\ServerModuleObj.pas"/>
			<DCCReference Include="..\..\..\..\Common\ModuleComms3.pas"/>
			<DCCReference Include="..\..\..\..\Common\SimplePipes.pas"/>
			<DCCReference Include="..\..\..\..\Common\ThreadProperty.pas"/>
			<DCCReference Include="..\..\..\..\Common\ServerModules\ServerModuleConst.pas"/>
			<DCCReference Include="..\..\..\..\Common\ServerModules\ServerModuleThreadTask.pas"/>
			<DCCReference Include="..\..\..\..\Common\ModuleFileNameUtils.pas"/>
			<DCCReference Include="..\..\..\..\Common\JsonToObject.pas"/>
			<DCCReference Include="..\..\..\..\Common\CipherUtils.pas"/>
			<DCCReference Include="..\..\..\..\Dev\General\Objects\CommonObjects\IntegerListObj.pas"/>
			<DCCReference Include="..\..\..\..\Dev\General\Objects\CommonObjects\SystemLib.pas"/>
			<DCCReference Include="..\..\JsonRPC\JsonRPCUtils.pas"/>
			<DCCReference Include="..\NotificationItem.pas"/>
			<DCCReference Include="..\..\JsonRPC\JsonRpcConst.pas"/>
			<DCCReference Include="..\..\..\..\Dev\BusinessObjects\BusObjSchemaLib.pas"/>
			<DCCReference Include="..\SiteIntegration\ApiObjectListObj.pas"/>
			<DCCReference Include="..\..\..\..\Common\WebApiClientObj.pas"/>
			<DCCReference Include="..\..\..\..\Common\WebApiConst.pas"/>
			<DCCReference Include="..\..\..\..\Common\ConfigDbObj.pas"/>
			<DCCReference Include="..\..\..\..\Common\MySQLUtils.pas"/>
			<DCCReference Include="..\..\..\..\Common\DbConst.pas"/>
			<DCCReference Include="..\..\..\..\Dev\General\Objects\CommonObjects\AppRunUtils.pas"/>
			<DCCReference Include="..\SiteIntegration\SynchReportObj.pas"/>
			<DCCReference Include="..\..\..\..\Common\MySQLConst.pas"/>
			<DCCReference Include="..\..\..\..\Common\JsonObjectUtils.pas"/>
			<DCCReference Include="..\..\..\..\Common\URILib.pas"/>
			<DCCReference Include="..\..\..\..\Common\UURIEncode.pas"/>
			<DCCReference Include="..\ModuleUtils.pas"/>
			<DCCReference Include="..\..\..\..\Dev\General\Objects\CommonObjects\LogThreadDbLib.pas"/>
			<DCCReference Include="..\..\..\..\Common\JSONObject.pas"/>
			<DCCReference Include="..\..\..\..\Dev\General\Objects\CommonObjects\DbSharedObjectsObj.pas"/>
			<DCCReference Include="..\..\..\..\Common\ModulePortObj.pas"/>
			<DCCReference Include="..\..\..\..\Common\DBUtils.pas"/>
			<BuildConfiguration Include="Release">
				<Key>Cfg_2</Key>
				<CfgParent>Base</CfgParent>
			</BuildConfiguration>
			<BuildConfiguration Include="Base">
				<Key>Base</Key>
			</BuildConfiguration>
			<BuildConfiguration Include="Debug">
				<Key>Cfg_1</Key>
				<CfgParent>Base</CfgParent>
			</BuildConfiguration>
		</ItemGroup>
		<Import Condition="Exists('$(BDS)\Bin\CodeGear.Delphi.Targets')" Project="$(BDS)\Bin\CodeGear.Delphi.Targets"/>
		<Import Condition="Exists('$(APPDATA)\Embarcadero\$(BDSAPPDATABASEDIR)\$(PRODUCTVERSION)\UserTools.proj')" Project="$(APPDATA)\Embarcadero\$(BDSAPPDATABASEDIR)\$(PRODUCTVERSION)\UserTools.proj"/>
		<ProjectExtensions>
			<Borland.Personality>Delphi.Personality.12</Borland.Personality>
			<Borland.ProjectType/>
			<BorlandProject>
				<Delphi.Personality>
					<VersionInfo>
						<VersionInfo Name="IncludeVerInfo">True</VersionInfo>
						<VersionInfo Name="AutoIncBuild">False</VersionInfo>
						<VersionInfo Name="MajorVer">15</VersionInfo>
						<VersionInfo Name="MinorVer">0</VersionInfo>
						<VersionInfo Name="Release">0</VersionInfo>
						<VersionInfo Name="Build">0</VersionInfo>
						<VersionInfo Name="Debug">False</VersionInfo>
						<VersionInfo Name="PreRelease">False</VersionInfo>
						<VersionInfo Name="Special">False</VersionInfo>
						<VersionInfo Name="Private">False</VersionInfo>
						<VersionInfo Name="DLL">False</VersionInfo>
						<VersionInfo Name="Locale">3081</VersionInfo>
						<VersionInfo Name="CodePage">1252</VersionInfo>
					</VersionInfo>
					<VersionInfoKeys>
						<VersionInfoKeys Name="CompanyName">Madeurne Pty Ltd</VersionInfoKeys>
						<VersionInfoKeys Name="FileDescription">ERP Site Integration Module</VersionInfoKeys>
						<VersionInfoKeys Name="FileVersion">15.0.0.0</VersionInfoKeys>
						<VersionInfoKeys Name="InternalName"/>
						<VersionInfoKeys Name="LegalCopyright"/>
						<VersionInfoKeys Name="LegalTrademarks"/>
						<VersionInfoKeys Name="OriginalFilename"/>
						<VersionInfoKeys Name="ProductName"/>
						<VersionInfoKeys Name="ProductVersion">15.0.0.0</VersionInfoKeys>
						<VersionInfoKeys Name="Comments"/>
					</VersionInfoKeys>
					<Excluded_Packages>
						<Excluded_Packages Name="$(BDSBIN)\dcloffice2k150.bpl">Microsoft Office 2000 Sample Automation Server Wrapper Components</Excluded_Packages>
					</Excluded_Packages>
					<Source>
						<Source Name="MainSource">ERPModSiteIntegration.dpr</Source>
					</Source>
				</Delphi.Personality>
				<Platforms>
					<Platform value="Win32">True</Platform>
				</Platforms>
			</BorlandProject>
			<ProjectFileVersion>12</ProjectFileVersion>
		</ProjectExtensions>
	</Project>
